// !$*UTF8*$!
{
	archiveVersion = 1;
	classes = {
	};
	objectVersion = 56;
	objects = {

/* Begin PBXBuildFile section */
		AE00FAE82AB444C500A56DD5 /* Interface.swift in Sources */ = {isa = PBXBuildFile; fileRef = AE00FAE72AB444C500A56DD5 /* Interface.swift */; };
		AE00FB232AB4838500A56DD5 /* Demo2Authentication.framework in Frameworks */ = {isa = PBXBuildFile; fileRef = AE00FB222AB4838500A56DD5 /* Demo2Authentication.framework */; };
		AE00FB242AB4838500A56DD5 /* Demo2Authentication.framework in Embed Frameworks */ = {isa = PBXBuildFile; fileRef = AE00FB222AB4838500A56DD5 /* Demo2Authentication.framework */; settings = {ATTRIBUTES = (CodeSignOnCopy, RemoveHeadersOnCopy, ); }; };
		AE00FB262AB48E7F00A56DD5 /* FirebaseAnalytics in Frameworks */ = {isa = PBXBuildFile; productRef = AE00FB252AB48E7F00A56DD5 /* FirebaseAnalytics */; };
		AE0E88972AB2E61C00EA7530 /* Demo2Model.framework in Frameworks */ = {isa = PBXBuildFile; fileRef = AE0E88962AB2E61C00EA7530 /* Demo2Model.framework */; };
		AE0E88982AB2E61D00EA7530 /* Demo2Model.framework in Embed Frameworks */ = {isa = PBXBuildFile; fileRef = AE0E88962AB2E61C00EA7530 /* Demo2Model.framework */; settings = {ATTRIBUTES = (CodeSignOnCopy, RemoveHeadersOnCopy, ); }; };
		AE0E88DA2AB3012E00EA7530 /* Demo2Storage.framework in Frameworks */ = {isa = PBXBuildFile; fileRef = AE0E88D92AB3012E00EA7530 /* Demo2Storage.framework */; };
		AE0E88DB2AB3012F00EA7530 /* Demo2Storage.framework in Embed Frameworks */ = {isa = PBXBuildFile; fileRef = AE0E88D92AB3012E00EA7530 /* Demo2Storage.framework */; settings = {ATTRIBUTES = (CodeSignOnCopy, RemoveHeadersOnCopy, ); }; };
		AE0E89042AB3101F00EA7530 /* Demo2Utility.framework in Frameworks */ = {isa = PBXBuildFile; fileRef = AE0E89032AB3101F00EA7530 /* Demo2Utility.framework */; };
		AE0E89052AB3101F00EA7530 /* Demo2Utility.framework in Embed Frameworks */ = {isa = PBXBuildFile; fileRef = AE0E89032AB3101F00EA7530 /* Demo2Utility.framework */; settings = {ATTRIBUTES = (CodeSignOnCopy, RemoveHeadersOnCopy, ); }; };
		AE0E89222AB330FF00EA7530 /* FirebaseService.swift in Sources */ = {isa = PBXBuildFile; fileRef = AE0E89212AB330FF00EA7530 /* FirebaseService.swift */; };
		AE90E47D2AB1DEA9008B551A /* Demo2Business.h in Headers */ = {isa = PBXBuildFile; fileRef = AE90E47C2AB1DEA9008B551A /* Demo2Business.h */; settings = {ATTRIBUTES = (Public, ); }; };
		AE90E4AD2AB1DF5E008B551A /* UserService.swift in Sources */ = {isa = PBXBuildFile; fileRef = AE90E4AC2AB1DF5E008B551A /* UserService.swift */; };
		AE90E4B42AB1DFDB008B551A /* Demo2Firestore.framework in Frameworks */ = {isa = PBXBuildFile; fileRef = AE90E4B32AB1DFDB008B551A /* Demo2Firestore.framework */; };
		AE90E4B52AB1DFDB008B551A /* Demo2Firestore.framework in Embed Frameworks */ = {isa = PBXBuildFile; fileRef = AE90E4B32AB1DFDB008B551A /* Demo2Firestore.framework */; settings = {ATTRIBUTES = (CodeSignOnCopy, RemoveHeadersOnCopy, ); }; };
		AE90E4D92AB1E6A3008B551A /* UserProtocol.swift in Sources */ = {isa = PBXBuildFile; fileRef = AE90E4D82AB1E6A3008B551A /* UserProtocol.swift */; };
/* End PBXBuildFile section */

/* Begin PBXCopyFilesBuildPhase section */
		AE90E4B62AB1DFDB008B551A /* Embed Frameworks */ = {
			isa = PBXCopyFilesBuildPhase;
			buildActionMask = 2147483647;
			dstPath = "";
			dstSubfolderSpec = 10;
			files = (
				AE0E88982AB2E61D00EA7530 /* Demo2Model.framework in Embed Frameworks */,
				AE00FB242AB4838500A56DD5 /* Demo2Authentication.framework in Embed Frameworks */,
				AE0E89052AB3101F00EA7530 /* Demo2Utility.framework in Embed Frameworks */,
				AE0E88DB2AB3012F00EA7530 /* Demo2Storage.framework in Embed Frameworks */,
				AE90E4B52AB1DFDB008B551A /* Demo2Firestore.framework in Embed Frameworks */,
			);
			name = "Embed Frameworks";
			runOnlyForDeploymentPostprocessing = 0;
		};
/* End PBXCopyFilesBuildPhase section */

/* Begin PBXFileReference section */
		AE00FAE72AB444C500A56DD5 /* Interface.swift */ = {isa = PBXFileReference; lastKnownFileType = sourcecode.swift; path = Interface.swift; sourceTree = "<group>"; };
		AE00FB222AB4838500A56DD5 /* Demo2Authentication.framework */ = {isa = PBXFileReference; explicitFileType = wrapper.framework; path = Demo2Authentication.framework; sourceTree = BUILT_PRODUCTS_DIR; };
		AE0E88962AB2E61C00EA7530 /* Demo2Model.framework */ = {isa = PBXFileReference; explicitFileType = wrapper.framework; path = Demo2Model.framework; sourceTree = BUILT_PRODUCTS_DIR; };
		AE0E88D92AB3012E00EA7530 /* Demo2Storage.framework */ = {isa = PBXFileReference; explicitFileType = wrapper.framework; path = Demo2Storage.framework; sourceTree = BUILT_PRODUCTS_DIR; };
		AE0E88FB2AB30FA000EA7530 /* Demo2Utility.framework */ = {isa = PBXFileReference; explicitFileType = wrapper.framework; path = Demo2Utility.framework; sourceTree = BUILT_PRODUCTS_DIR; };
		AE0E89032AB3101F00EA7530 /* Demo2Utility.framework */ = {isa = PBXFileReference; explicitFileType = wrapper.framework; path = Demo2Utility.framework; sourceTree = BUILT_PRODUCTS_DIR; };
		AE0E89212AB330FF00EA7530 /* FirebaseService.swift */ = {isa = PBXFileReference; lastKnownFileType = sourcecode.swift; path = FirebaseService.swift; sourceTree = "<group>"; };
		AE90E4792AB1DEA9008B551A /* Demo2Business.framework */ = {isa = PBXFileReference; explicitFileType = wrapper.framework; includeInIndex = 0; path = Demo2Business.framework; sourceTree = BUILT_PRODUCTS_DIR; };
		AE90E47C2AB1DEA9008B551A /* Demo2Business.h */ = {isa = PBXFileReference; lastKnownFileType = sourcecode.c.h; path = Demo2Business.h; sourceTree = "<group>"; };
		AE90E4AC2AB1DF5E008B551A /* UserService.swift */ = {isa = PBXFileReference; lastKnownFileType = sourcecode.swift; path = UserService.swift; sourceTree = "<group>"; };
		AE90E4B32AB1DFDB008B551A /* Demo2Firestore.framework */ = {isa = PBXFileReference; explicitFileType = wrapper.framework; path = Demo2Firestore.framework; sourceTree = BUILT_PRODUCTS_DIR; };
		AE90E4D82AB1E6A3008B551A /* UserProtocol.swift */ = {isa = PBXFileReference; lastKnownFileType = sourcecode.swift; path = UserProtocol.swift; sourceTree = "<group>"; };
/* End PBXFileReference section */

/* Begin PBXFrameworksBuildPhase section */
		AE90E4762AB1DEA9008B551A /* Frameworks */ = {
			isa = PBXFrameworksBuildPhase;
			buildActionMask = 2147483647;
			files = (
				AE90E4B42AB1DFDB008B551A /* Demo2Firestore.framework in Frameworks */,
				AE0E88972AB2E61C00EA7530 /* Demo2Model.framework in Frameworks */,
				AE00FB262AB48E7F00A56DD5 /* FirebaseAnalytics in Frameworks */,
				AE00FB232AB4838500A56DD5 /* Demo2Authentication.framework in Frameworks */,
				AE0E89042AB3101F00EA7530 /* Demo2Utility.framework in Frameworks */,
				AE0E88DA2AB3012E00EA7530 /* Demo2Storage.framework in Frameworks */,
			);
			runOnlyForDeploymentPostprocessing = 0;
		};
/* End PBXFrameworksBuildPhase section */

/* Begin PBXGroup section */
		AE90E46F2AB1DEA9008B551A = {
			isa = PBXGroup;
			children = (
				AE90E47B2AB1DEA9008B551A /* Demo2Business */,
				AE90E47A2AB1DEA9008B551A /* Products */,
				AE90E4B22AB1DFDB008B551A /* Frameworks */,
			);
			sourceTree = "<group>";
		};
		AE90E47A2AB1DEA9008B551A /* Products */ = {
			isa = PBXGroup;
			children = (
				AE90E4792AB1DEA9008B551A /* Demo2Business.framework */,
			);
			name = Products;
			sourceTree = "<group>";
		};
		AE90E47B2AB1DEA9008B551A /* Demo2Business */ = {
			isa = PBXGroup;
			children = (
				AE90E4AB2AB1DF55008B551A /* Protocol */,
				AE90E4AA2AB1DF4C008B551A /* Service */,
				AE90E47C2AB1DEA9008B551A /* Demo2Business.h */,
			);
			path = Demo2Business;
			sourceTree = "<group>";
		};
		AE90E4AA2AB1DF4C008B551A /* Service */ = {
			isa = PBXGroup;
			children = (
				AE90E4AC2AB1DF5E008B551A /* UserService.swift */,
				AE0E89212AB330FF00EA7530 /* FirebaseService.swift */,
				AE00FAE72AB444C500A56DD5 /* Interface.swift */,
			);
			path = Service;
			sourceTree = "<group>";
		};
		AE90E4AB2AB1DF55008B551A /* Protocol */ = {
			isa = PBXGroup;
			children = (
				AE90E4D82AB1E6A3008B551A /* UserProtocol.swift */,
			);
			path = Protocol;
			sourceTree = "<group>";
		};
		AE90E4B22AB1DFDB008B551A /* Frameworks */ = {
			isa = PBXGroup;
			children = (
				AE00FB222AB4838500A56DD5 /* Demo2Authentication.framework */,
				AE0E89032AB3101F00EA7530 /* Demo2Utility.framework */,
				AE0E88FB2AB30FA000EA7530 /* Demo2Utility.framework */,
				AE0E88D92AB3012E00EA7530 /* Demo2Storage.framework */,
				AE0E88962AB2E61C00EA7530 /* Demo2Model.framework */,
				AE90E4B32AB1DFDB008B551A /* Demo2Firestore.framework */,
			);
			name = Frameworks;
			sourceTree = "<group>";
		};
/* End PBXGroup section */

/* Begin PBXHeadersBuildPhase section */
		AE90E4742AB1DEA9008B551A /* Headers */ = {
			isa = PBXHeadersBuildPhase;
			buildActionMask = 2147483647;
			files = (
				AE90E47D2AB1DEA9008B551A /* Demo2Business.h in Headers */,
			);
			runOnlyForDeploymentPostprocessing = 0;
		};
/* End PBXHeadersBuildPhase section */

/* Begin PBXNativeTarget section */
		AE90E4782AB1DEA9008B551A /* Demo2Business */ = {
			isa = PBXNativeTarget;
			buildConfigurationList = AE90E4802AB1DEA9008B551A /* Build configuration list for PBXNativeTarget "Demo2Business" */;
			buildPhases = (
				AE90E4742AB1DEA9008B551A /* Headers */,
				AE90E4752AB1DEA9008B551A /* Sources */,
				AE90E4762AB1DEA9008B551A /* Frameworks */,
				AE90E4772AB1DEA9008B551A /* Resources */,
				AE90E4B62AB1DFDB008B551A /* Embed Frameworks */,
			);
			buildRules = (
			);
			dependencies = (
			);
			name = Demo2Business;
			packageProductDependencies = (
				AE00FB252AB48E7F00A56DD5 /* FirebaseAnalytics */,
			);
			productName = Demo2Business;
			productReference = AE90E4792AB1DEA9008B551A /* Demo2Business.framework */;
			productType = "com.apple.product-type.framework";
		};
/* End PBXNativeTarget section */

/* Begin PBXProject section */
		AE90E4702AB1DEA9008B551A /* Project object */ = {
			isa = PBXProject;
			attributes = {
				BuildIndependentTargetsInParallel = 1;
				LastUpgradeCheck = 1430;
				TargetAttributes = {
					AE90E4782AB1DEA9008B551A = {
						CreatedOnToolsVersion = 14.3.1;
						LastSwiftMigration = 1430;
					};
				};
			};
			buildConfigurationList = AE90E4732AB1DEA9008B551A /* Build configuration list for PBXProject "Demo2Business" */;
			compatibilityVersion = "Xcode 14.0";
			developmentRegion = en;
			hasScannedForEncodings = 0;
			knownRegions = (
				en,
				Base,
			);
			mainGroup = AE90E46F2AB1DEA9008B551A;
			packageReferences = (
				AE90E4D12AB1E5F6008B551A /* XCRemoteSwiftPackageReference "firebase-ios-sdk" */,
			);
			productRefGroup = AE90E47A2AB1DEA9008B551A /* Products */;
			projectDirPath = "";
			projectRoot = "";
			targets = (
				AE90E4782AB1DEA9008B551A /* Demo2Business */,
			);
		};
/* End PBXProject section */

/* Begin PBXResourcesBuildPhase section */
		AE90E4772AB1DEA9008B551A /* Resources */ = {
			isa = PBXResourcesBuildPhase;
			buildActionMask = 2147483647;
			files = (
			);
			runOnlyForDeploymentPostprocessing = 0;
		};
/* End PBXResourcesBuildPhase section */

/* Begin PBXSourcesBuildPhase section */
		AE90E4752AB1DEA9008B551A /* Sources */ = {
			isa = PBXSourcesBuildPhase;
			buildActionMask = 2147483647;
			files = (
				AE90E4D92AB1E6A3008B551A /* UserProtocol.swift in Sources */,
				AE90E4AD2AB1DF5E008B551A /* UserService.swift in Sources */,
				AE0E89222AB330FF00EA7530 /* FirebaseService.swift in Sources */,
				AE00FAE82AB444C500A56DD5 /* Interface.swift in Sources */,
			);
			runOnlyForDeploymentPostprocessing = 0;
		};
/* End PBXSourcesBuildPhase section */

/* Begin XCBuildConfiguration section */
		AE90E47E2AB1DEA9008B551A /* Debug */ = {
			isa = XCBuildConfiguration;
			buildSettings = {
				ALWAYS_SEARCH_USER_PATHS = NO;
				CLANG_ANALYZER_NONNULL = YES;
				CLANG_ANALYZER_NUMBER_OBJECT_CONVERSION = YES_AGGRESSIVE;
				CLANG_CXX_LANGUAGE_STANDARD = "gnu++20";
				CLANG_ENABLE_MODULES = YES;
				CLANG_ENABLE_OBJC_ARC = YES;
				CLANG_ENABLE_OBJC_WEAK = YES;
				CLANG_WARN_BLOCK_CAPTURE_AUTORELEASING = YES;
				CLANG_WARN_BOOL_CONVERSION = YES;
				CLANG_WARN_COMMA = YES;
				CLANG_WARN_CONSTANT_CONVERSION = YES;
				CLANG_WARN_DEPRECATED_OBJC_IMPLEMENTATIONS = YES;
				CLANG_WARN_DIRECT_OBJC_ISA_USAGE = YES_ERROR;
				CLANG_WARN_DOCUMENTATION_COMMENTS = YES;
				CLANG_WARN_EMPTY_BODY = YES;
				CLANG_WARN_ENUM_CONVERSION = YES;
				CLANG_WARN_INFINITE_RECURSION = YES;
				CLANG_WARN_INT_CONVERSION = YES;
				CLANG_WARN_NON_LITERAL_NULL_CONVERSION = YES;
				CLANG_WARN_OBJC_IMPLICIT_RETAIN_SELF = YES;
				CLANG_WARN_OBJC_LITERAL_CONVERSION = YES;
				CLANG_WARN_OBJC_ROOT_CLASS = YES_ERROR;
				CLANG_WARN_QUOTED_INCLUDE_IN_FRAMEWORK_HEADER = YES;
				CLANG_WARN_RANGE_LOOP_ANALYSIS = YES;
				CLANG_WARN_STRICT_PROTOTYPES = YES;
				CLANG_WARN_SUSPICIOUS_MOVE = YES;
				CLANG_WARN_UNGUARDED_AVAILABILITY = YES_AGGRESSIVE;
				CLANG_WARN_UNREACHABLE_CODE = YES;
				CLANG_WARN__DUPLICATE_METHOD_MATCH = YES;
				COPY_PHASE_STRIP = NO;
				CURRENT_PROJECT_VERSION = 1;
				DEBUG_INFORMATION_FORMAT = dwarf;
				ENABLE_STRICT_OBJC_MSGSEND = YES;
				ENABLE_TESTABILITY = YES;
				GCC_C_LANGUAGE_STANDARD = gnu11;
				GCC_DYNAMIC_NO_PIC = NO;
				GCC_NO_COMMON_BLOCKS = YES;
				GCC_OPTIMIZATION_LEVEL = 0;
				GCC_PREPROCESSOR_DEFINITIONS = (
					"DEBUG=1",
					"$(inherited)",
				);
				GCC_WARN_64_TO_32_BIT_CONVERSION = YES;
				GCC_WARN_ABOUT_RETURN_TYPE = YES_ERROR;
				GCC_WARN_UNDECLARED_SELECTOR = YES;
				GCC_WARN_UNINITIALIZED_AUTOS = YES_AGGRESSIVE;
				GCC_WARN_UNUSED_FUNCTION = YES;
				GCC_WARN_UNUSED_VARIABLE = YES;
				IPHONEOS_DEPLOYMENT_TARGET = 16.4;
				MTL_ENABLE_DEBUG_INFO = INCLUDE_SOURCE;
				MTL_FAST_MATH = YES;
				ONLY_ACTIVE_ARCH = YES;
				SDKROOT = iphoneos;
				SWIFT_ACTIVE_COMPILATION_CONDITIONS = DEBUG;
				SWIFT_OPTIMIZATION_LEVEL = "-Onone";
				VERSIONING_SYSTEM = "apple-generic";
				VERSION_INFO_PREFIX = "";
			};
			name = Debug;
		};
		AE90E47F2AB1DEA9008B551A /* Release */ = {
			isa = XCBuildConfiguration;
			buildSettings = {
				ALWAYS_SEARCH_USER_PATHS = NO;
				CLANG_ANALYZER_NONNULL = YES;
				CLANG_ANALYZER_NUMBER_OBJECT_CONVERSION = YES_AGGRESSIVE;
				CLANG_CXX_LANGUAGE_STANDARD = "gnu++20";
				CLANG_ENABLE_MODULES = YES;
				CLANG_ENABLE_OBJC_ARC = YES;
				CLANG_ENABLE_OBJC_WEAK = YES;
				CLANG_WARN_BLOCK_CAPTURE_AUTORELEASING = YES;
				CLANG_WARN_BOOL_CONVERSION = YES;
				CLANG_WARN_COMMA = YES;
				CLANG_WARN_CONSTANT_CONVERSION = YES;
				CLANG_WARN_DEPRECATED_OBJC_IMPLEMENTATIONS = YES;
				CLANG_WARN_DIRECT_OBJC_ISA_USAGE = YES_ERROR;
				CLANG_WARN_DOCUMENTATION_COMMENTS = YES;
				CLANG_WARN_EMPTY_BODY = YES;
				CLANG_WARN_ENUM_CONVERSION = YES;
				CLANG_WARN_INFINITE_RECURSION = YES;
				CLANG_WARN_INT_CONVERSION = YES;
				CLANG_WARN_NON_LITERAL_NULL_CONVERSION = YES;
				CLANG_WARN_OBJC_IMPLICIT_RETAIN_SELF = YES;
				CLANG_WARN_OBJC_LITERAL_CONVERSION = YES;
				CLANG_WARN_OBJC_ROOT_CLASS = YES_ERROR;
				CLANG_WARN_QUOTED_INCLUDE_IN_FRAMEWORK_HEADER = YES;
				CLANG_WARN_RANGE_LOOP_ANALYSIS = YES;
				CLANG_WARN_STRICT_PROTOTYPES = YES;
				CLANG_WARN_SUSPICIOUS_MOVE = YES;
				CLANG_WARN_UNGUARDED_AVAILABILITY = YES_AGGRESSIVE;
				CLANG_WARN_UNREACHABLE_CODE = YES;
				CLANG_WARN__DUPLICATE_METHOD_MATCH = YES;
				COPY_PHASE_STRIP = NO;
				CURRENT_PROJECT_VERSION = 1;
				DEBUG_INFORMATION_FORMAT = "dwarf-with-dsym";
				ENABLE_NS_ASSERTIONS = NO;
				ENABLE_STRICT_OBJC_MSGSEND = YES;
				GCC_C_LANGUAGE_STANDARD = gnu11;
				GCC_NO_COMMON_BLOCKS = YES;
				GCC_WARN_64_TO_32_BIT_CONVERSION = YES;
				GCC_WARN_ABOUT_RETURN_TYPE = YES_ERROR;
				GCC_WARN_UNDECLARED_SELECTOR = YES;
				GCC_WARN_UNINITIALIZED_AUTOS = YES_AGGRESSIVE;
				GCC_WARN_UNUSED_FUNCTION = YES;
				GCC_WARN_UNUSED_VARIABLE = YES;
				IPHONEOS_DEPLOYMENT_TARGET = 16.4;
				MTL_ENABLE_DEBUG_INFO = NO;
				MTL_FAST_MATH = YES;
				SDKROOT = iphoneos;
				SWIFT_COMPILATION_MODE = wholemodule;
				SWIFT_OPTIMIZATION_LEVEL = "-O";
				VALIDATE_PRODUCT = YES;
				VERSIONING_SYSTEM = "apple-generic";
				VERSION_INFO_PREFIX = "";
			};
			name = Release;
		};
		AE90E4812AB1DEA9008B551A /* Debug */ = {
			isa = XCBuildConfiguration;
			buildSettings = {
				CLANG_ENABLE_MODULES = YES;
				CODE_SIGN_STYLE = Automatic;
				CURRENT_PROJECT_VERSION = 1;
				DEFINES_MODULE = YES;
				DYLIB_COMPATIBILITY_VERSION = 1;
				DYLIB_CURRENT_VERSION = 1;
				DYLIB_INSTALL_NAME_BASE = "@rpath";
				ENABLE_MODULE_VERIFIER = YES;
				GENERATE_INFOPLIST_FILE = YES;
				INFOPLIST_KEY_NSHumanReadableCopyright = "";
				INSTALL_PATH = "$(LOCAL_LIBRARY_DIR)/Frameworks";
				LD_RUNPATH_SEARCH_PATHS = (
					"$(inherited)",
					"@executable_path/Frameworks",
					"@loader_path/Frameworks",
				);
				MARKETING_VERSION = 1.0;
				MODULE_VERIFIER_SUPPORTED_LANGUAGES = "objective-c objective-c++";
				MODULE_VERIFIER_SUPPORTED_LANGUAGE_STANDARDS = "gnu11 gnu++20";
				PRODUCT_BUNDLE_IDENTIFIER = com.mihamlinaric.Demo2Business;
				PRODUCT_NAME = "$(TARGET_NAME:c99extidentifier)";
				SKIP_INSTALL = YES;
				SWIFT_EMIT_LOC_STRINGS = YES;
				SWIFT_OPTIMIZATION_LEVEL = "-Onone";
				SWIFT_VERSION = 5.0;
				TARGETED_DEVICE_FAMILY = "1,2";
			};
			name = Debug;
		};
		AE90E4822AB1DEA9008B551A /* Release */ = {
			isa = XCBuildConfiguration;
			buildSettings = {
				CLANG_ENABLE_MODULES = YES;
				CODE_SIGN_STYLE = Automatic;
				CURRENT_PROJECT_VERSION = 1;
				DEFINES_MODULE = YES;
				DYLIB_COMPATIBILITY_VERSION = 1;
				DYLIB_CURRENT_VERSION = 1;
				DYLIB_INSTALL_NAME_BASE = "@rpath";
				ENABLE_MODULE_VERIFIER = YES;
				GENERATE_INFOPLIST_FILE = YES;
				INFOPLIST_KEY_NSHumanReadableCopyright = "";
				INSTALL_PATH = "$(LOCAL_LIBRARY_DIR)/Frameworks";
				LD_RUNPATH_SEARCH_PATHS = (
					"$(inherited)",
					"@executable_path/Frameworks",
					"@loader_path/Frameworks",
				);
				MARKETING_VERSION = 1.0;
				MODULE_VERIFIER_SUPPORTED_LANGUAGES = "objective-c objective-c++";
				MODULE_VERIFIER_SUPPORTED_LANGUAGE_STANDARDS = "gnu11 gnu++20";
				PRODUCT_BUNDLE_IDENTIFIER = com.mihamlinaric.Demo2Business;
				PRODUCT_NAME = "$(TARGET_NAME:c99extidentifier)";
				SKIP_INSTALL = YES;
				SWIFT_EMIT_LOC_STRINGS = YES;
				SWIFT_VERSION = 5.0;
				TARGETED_DEVICE_FAMILY = "1,2";
			};
			name = Release;
		};
/* End XCBuildConfiguration section */

/* Begin XCConfigurationList section */
		AE90E4732AB1DEA9008B551A /* Build configuration list for PBXProject "Demo2Business" */ = {
			isa = XCConfigurationList;
			buildConfigurations = (
				AE90E47E2AB1DEA9008B551A /* Debug */,
				AE90E47F2AB1DEA9008B551A /* Release */,
			);
			defaultConfigurationIsVisible = 0;
			defaultConfigurationName = Release;
		};
		AE90E4802AB1DEA9008B551A /* Build configuration list for PBXNativeTarget "Demo2Business" */ = {
			isa = XCConfigurationList;
			buildConfigurations = (
				AE90E4812AB1DEA9008B551A /* Debug */,
				AE90E4822AB1DEA9008B551A /* Release */,
			);
			defaultConfigurationIsVisible = 0;
			defaultConfigurationName = Release;
		};
/* End XCConfigurationList section */

/* Begin XCRemoteSwiftPackageReference section */
		AE90E4D12AB1E5F6008B551A /* XCRemoteSwiftPackageReference "firebase-ios-sdk" */ = {
			isa = XCRemoteSwiftPackageReference;
			repositoryURL = "https://github.com/firebase/firebase-ios-sdk.git";
			requirement = {
				kind = upToNextMajorVersion;
				minimumVersion = 10.0.0;
			};
		};
/* End XCRemoteSwiftPackageReference section */

/* Begin XCSwiftPackageProductDependency section */
		AE00FB252AB48E7F00A56DD5 /* FirebaseAnalytics */ = {
			isa = XCSwiftPackageProductDependency;
			package = AE90E4D12AB1E5F6008B551A /* XCRemoteSwiftPackageReference "firebase-ios-sdk" */;
			productName = FirebaseAnalytics;
		};
/* End XCSwiftPackageProductDependency section */
	};
	rootObject = AE90E4702AB1DEA9008B551A /* Project object */;
}
