// !$*UTF8*$!
{
	archiveVersion = 1;
	classes = {
	};
	objectVersion = 56;
	objects = {

/* Begin PBXBuildFile section */
		AE00FAF42AB44D1400A56DD5 /* UserListRow.swift in Sources */ = {isa = PBXBuildFile; fileRef = AE00FAF32AB44D1400A56DD5 /* UserListRow.swift */; };
		AE00FAFB2AB454B800A56DD5 /* EditUserView.swift in Sources */ = {isa = PBXBuildFile; fileRef = AE00FAFA2AB454B800A56DD5 /* EditUserView.swift */; };
		AE00FAFE2AB455FC00A56DD5 /* EditUserViewModel.swift in Sources */ = {isa = PBXBuildFile; fileRef = AE00FAFD2AB455FC00A56DD5 /* EditUserViewModel.swift */; };
		AE0AD5512AC173B200F76C85 /* FirebaseAnalytics in Frameworks */ = {isa = PBXBuildFile; productRef = AE0AD5502AC173B200F76C85 /* FirebaseAnalytics */; };
		AE0AD5592AC1796E00F76C85 /* FirebaseAuth in Frameworks */ = {isa = PBXBuildFile; productRef = AE0AD5582AC1796E00F76C85 /* FirebaseAuth */; };
		AE0AD55B2AC1796E00F76C85 /* FirebaseFirestore in Frameworks */ = {isa = PBXBuildFile; productRef = AE0AD55A2AC1796E00F76C85 /* FirebaseFirestore */; };
		AE0AD55D2AC1796E00F76C85 /* FirebaseStorage in Frameworks */ = {isa = PBXBuildFile; productRef = AE0AD55C2AC1796E00F76C85 /* FirebaseStorage */; };
		AE0E58872AB81C610036DC8A /* LoginView.swift in Sources */ = {isa = PBXBuildFile; fileRef = AE0E58862AB81C610036DC8A /* LoginView.swift */; };
		AE0E58892AB81C860036DC8A /* LoginViewModel.swift in Sources */ = {isa = PBXBuildFile; fileRef = AE0E58882AB81C860036DC8A /* LoginViewModel.swift */; };
		AE0E588B2AB81D3C0036DC8A /* TextFieldModifier.swift in Sources */ = {isa = PBXBuildFile; fileRef = AE0E588A2AB81D3C0036DC8A /* TextFieldModifier.swift */; };
		AE0E588D2AB825C30036DC8A /* RegistrationView.swift in Sources */ = {isa = PBXBuildFile; fileRef = AE0E588C2AB825C30036DC8A /* RegistrationView.swift */; };
		AE0E588F2AB8275B0036DC8A /* RegistrationViewModel.swift in Sources */ = {isa = PBXBuildFile; fileRef = AE0E588E2AB8275B0036DC8A /* RegistrationViewModel.swift */; };
		AE0E58912AB828B30036DC8A /* ButtonModifier.swift in Sources */ = {isa = PBXBuildFile; fileRef = AE0E58902AB828B30036DC8A /* ButtonModifier.swift */; };
		AE0E58932AB8399E0036DC8A /* UserListRowViewModel.swift in Sources */ = {isa = PBXBuildFile; fileRef = AE0E58922AB8399E0036DC8A /* UserListRowViewModel.swift */; };
		AE0E88622AB2DBEF00EA7530 /* MainTabView.swift in Sources */ = {isa = PBXBuildFile; fileRef = AE0E88612AB2DBEF00EA7530 /* MainTabView.swift */; };
		AE0E88662AB2DC8900EA7530 /* HomeView.swift in Sources */ = {isa = PBXBuildFile; fileRef = AE0E88652AB2DC8900EA7530 /* HomeView.swift */; };
		AE0E88682AB2DD1500EA7530 /* UserListView.swift in Sources */ = {isa = PBXBuildFile; fileRef = AE0E88672AB2DD1400EA7530 /* UserListView.swift */; };
		AE0E886C2AB2DDA800EA7530 /* UsersViewModel.swift in Sources */ = {isa = PBXBuildFile; fileRef = AE0E886B2AB2DDA800EA7530 /* UsersViewModel.swift */; };
		AE0E886F2AB2DEB000EA7530 /* CircularImage.swift in Sources */ = {isa = PBXBuildFile; fileRef = AE0E886E2AB2DEB000EA7530 /* CircularImage.swift */; };
		AE0E88A52AB2EE5C00EA7530 /* UserProfileView.swift in Sources */ = {isa = PBXBuildFile; fileRef = AE0E88A42AB2EE5C00EA7530 /* UserProfileView.swift */; };
		AE0E88D82AB2FD5600EA7530 /* Kingfisher in Frameworks */ = {isa = PBXBuildFile; productRef = AE0E88D72AB2FD5600EA7530 /* Kingfisher */; settings = {ATTRIBUTES = (Required, ); }; };
		AE1EEFF82ABADD5E002BDAFE /* Demo2Model.framework in Frameworks */ = {isa = PBXBuildFile; fileRef = AE0E88992AB2E62900EA7530 /* Demo2Model.framework */; };
		AE1EEFF92ABADD5E002BDAFE /* Demo2Model.framework in Embed Frameworks */ = {isa = PBXBuildFile; fileRef = AE0E88992AB2E62900EA7530 /* Demo2Model.framework */; settings = {ATTRIBUTES = (CodeSignOnCopy, RemoveHeadersOnCopy, ); }; };
		AE90E4622AB1DE8A008B551A /* Demo2App.swift in Sources */ = {isa = PBXBuildFile; fileRef = AE90E4612AB1DE8A008B551A /* Demo2App.swift */; };
		AE90E4642AB1DE8A008B551A /* ContentView.swift in Sources */ = {isa = PBXBuildFile; fileRef = AE90E4632AB1DE8A008B551A /* ContentView.swift */; };
		AE90E4662AB1DE8C008B551A /* Assets.xcassets in Resources */ = {isa = PBXBuildFile; fileRef = AE90E4652AB1DE8C008B551A /* Assets.xcassets */; };
		AE90E4692AB1DE8C008B551A /* Preview Assets.xcassets in Resources */ = {isa = PBXBuildFile; fileRef = AE90E4682AB1DE8C008B551A /* Preview Assets.xcassets */; };
		AE90E4A92AB1DF2B008B551A /* ContentViewModel.swift in Sources */ = {isa = PBXBuildFile; fileRef = AE90E4A82AB1DF2B008B551A /* ContentViewModel.swift */; };
		AE90E4BA2AB1E14A008B551A /* Demo2Business.framework in Frameworks */ = {isa = PBXBuildFile; fileRef = AE90E4B92AB1E14A008B551A /* Demo2Business.framework */; settings = {ATTRIBUTES = (Required, ); }; };
		AE90E4BB2AB1E14A008B551A /* Demo2Business.framework in Embed Frameworks */ = {isa = PBXBuildFile; fileRef = AE90E4B92AB1E14A008B551A /* Demo2Business.framework */; settings = {ATTRIBUTES = (CodeSignOnCopy, RemoveHeadersOnCopy, ); }; };
		AED7451D2AB9D44E00359D51 /* GoogleService-Info.plist in Resources */ = {isa = PBXBuildFile; fileRef = AED7451C2AB9D44E00359D51 /* GoogleService-Info.plist */; };
		AEEC32B02AB9714B00B3246A /* QuoteView.swift in Sources */ = {isa = PBXBuildFile; fileRef = AEEC32AF2AB9714B00B3246A /* QuoteView.swift */; };
		AEEC32B22AB9715800B3246A /* QouteViewModel.swift in Sources */ = {isa = PBXBuildFile; fileRef = AEEC32B12AB9715800B3246A /* QouteViewModel.swift */; };
		AEEC32B62AB9743C00B3246A /* QuoteRow.swift in Sources */ = {isa = PBXBuildFile; fileRef = AEEC32B52AB9743C00B3246A /* QuoteRow.swift */; };
		AEEC32BA2AB978C500B3246A /* CreateQuoteView.swift in Sources */ = {isa = PBXBuildFile; fileRef = AEEC32B92AB978C500B3246A /* CreateQuoteView.swift */; };
		AEEC32BC2AB9798100B3246A /* CreateQuoteViewModel.swift in Sources */ = {isa = PBXBuildFile; fileRef = AEEC32BB2AB9798100B3246A /* CreateQuoteViewModel.swift */; };
/* End PBXBuildFile section */

/* Begin PBXCopyFilesBuildPhase section */
		AE90E4BC2AB1E14A008B551A /* Embed Frameworks */ = {
			isa = PBXCopyFilesBuildPhase;
			buildActionMask = 12;
			dstPath = "";
			dstSubfolderSpec = 10;
			files = (
				AE1EEFF92ABADD5E002BDAFE /* Demo2Model.framework in Embed Frameworks */,
				AE90E4BB2AB1E14A008B551A /* Demo2Business.framework in Embed Frameworks */,
			);
			name = "Embed Frameworks";
			runOnlyForDeploymentPostprocessing = 0;
		};
/* End PBXCopyFilesBuildPhase section */

/* Begin PBXFileReference section */
		AE00FAF32AB44D1400A56DD5 /* UserListRow.swift */ = {isa = PBXFileReference; lastKnownFileType = sourcecode.swift; path = UserListRow.swift; sourceTree = "<group>"; };
		AE00FAFA2AB454B800A56DD5 /* EditUserView.swift */ = {isa = PBXFileReference; lastKnownFileType = sourcecode.swift; path = EditUserView.swift; sourceTree = "<group>"; };
		AE00FAFD2AB455FC00A56DD5 /* EditUserViewModel.swift */ = {isa = PBXFileReference; lastKnownFileType = sourcecode.swift; path = EditUserViewModel.swift; sourceTree = "<group>"; };
		AE05B7BA2ABDBAA6001B6FE6 /* Demo2Firebase.framework */ = {isa = PBXFileReference; explicitFileType = wrapper.framework; path = Demo2Firebase.framework; sourceTree = BUILT_PRODUCTS_DIR; };
		AE0AD5422AC16B6500F76C85 /* Demo2Firebase.framework */ = {isa = PBXFileReference; explicitFileType = wrapper.framework; path = Demo2Firebase.framework; sourceTree = BUILT_PRODUCTS_DIR; };
		AE0E58862AB81C610036DC8A /* LoginView.swift */ = {isa = PBXFileReference; lastKnownFileType = sourcecode.swift; path = LoginView.swift; sourceTree = "<group>"; };
		AE0E58882AB81C860036DC8A /* LoginViewModel.swift */ = {isa = PBXFileReference; lastKnownFileType = sourcecode.swift; path = LoginViewModel.swift; sourceTree = "<group>"; };
		AE0E588A2AB81D3C0036DC8A /* TextFieldModifier.swift */ = {isa = PBXFileReference; lastKnownFileType = sourcecode.swift; path = TextFieldModifier.swift; sourceTree = "<group>"; };
		AE0E588C2AB825C30036DC8A /* RegistrationView.swift */ = {isa = PBXFileReference; lastKnownFileType = sourcecode.swift; path = RegistrationView.swift; sourceTree = "<group>"; };
		AE0E588E2AB8275B0036DC8A /* RegistrationViewModel.swift */ = {isa = PBXFileReference; lastKnownFileType = sourcecode.swift; path = RegistrationViewModel.swift; sourceTree = "<group>"; };
		AE0E58902AB828B30036DC8A /* ButtonModifier.swift */ = {isa = PBXFileReference; lastKnownFileType = sourcecode.swift; path = ButtonModifier.swift; sourceTree = "<group>"; };
		AE0E58922AB8399E0036DC8A /* UserListRowViewModel.swift */ = {isa = PBXFileReference; lastKnownFileType = sourcecode.swift; path = UserListRowViewModel.swift; sourceTree = "<group>"; };
		AE0E58A62AB86C6D0036DC8A /* Demo2Authentication.framework */ = {isa = PBXFileReference; explicitFileType = wrapper.framework; path = Demo2Authentication.framework; sourceTree = BUILT_PRODUCTS_DIR; };
		AE0E88612AB2DBEF00EA7530 /* MainTabView.swift */ = {isa = PBXFileReference; lastKnownFileType = sourcecode.swift; path = MainTabView.swift; sourceTree = "<group>"; };
		AE0E88652AB2DC8900EA7530 /* HomeView.swift */ = {isa = PBXFileReference; lastKnownFileType = sourcecode.swift; path = HomeView.swift; sourceTree = "<group>"; };
		AE0E88672AB2DD1400EA7530 /* UserListView.swift */ = {isa = PBXFileReference; lastKnownFileType = sourcecode.swift; path = UserListView.swift; sourceTree = "<group>"; };
		AE0E886B2AB2DDA800EA7530 /* UsersViewModel.swift */ = {isa = PBXFileReference; lastKnownFileType = sourcecode.swift; path = UsersViewModel.swift; sourceTree = "<group>"; };
		AE0E886E2AB2DEB000EA7530 /* CircularImage.swift */ = {isa = PBXFileReference; lastKnownFileType = sourcecode.swift; path = CircularImage.swift; sourceTree = "<group>"; };
		AE0E88992AB2E62900EA7530 /* Demo2Model.framework */ = {isa = PBXFileReference; explicitFileType = wrapper.framework; path = Demo2Model.framework; sourceTree = BUILT_PRODUCTS_DIR; };
		AE0E88A42AB2EE5C00EA7530 /* UserProfileView.swift */ = {isa = PBXFileReference; lastKnownFileType = sourcecode.swift; path = UserProfileView.swift; sourceTree = "<group>"; };
		AE0E88D32AB2FB4200EA7530 /* Demo2Storage.framework */ = {isa = PBXFileReference; explicitFileType = wrapper.framework; path = Demo2Storage.framework; sourceTree = BUILT_PRODUCTS_DIR; };
		AE90E45E2AB1DE8A008B551A /* Demo2.app */ = {isa = PBXFileReference; explicitFileType = wrapper.application; includeInIndex = 0; path = Demo2.app; sourceTree = BUILT_PRODUCTS_DIR; };
		AE90E4612AB1DE8A008B551A /* Demo2App.swift */ = {isa = PBXFileReference; lastKnownFileType = sourcecode.swift; path = Demo2App.swift; sourceTree = "<group>"; };
		AE90E4632AB1DE8A008B551A /* ContentView.swift */ = {isa = PBXFileReference; lastKnownFileType = sourcecode.swift; path = ContentView.swift; sourceTree = "<group>"; };
		AE90E4652AB1DE8C008B551A /* Assets.xcassets */ = {isa = PBXFileReference; lastKnownFileType = folder.assetcatalog; path = Assets.xcassets; sourceTree = "<group>"; };
		AE90E4682AB1DE8C008B551A /* Preview Assets.xcassets */ = {isa = PBXFileReference; lastKnownFileType = folder.assetcatalog; path = "Preview Assets.xcassets"; sourceTree = "<group>"; };
		AE90E4A82AB1DF2B008B551A /* ContentViewModel.swift */ = {isa = PBXFileReference; lastKnownFileType = sourcecode.swift; path = ContentViewModel.swift; sourceTree = "<group>"; };
		AE90E4B72AB1E142008B551A /* Info.plist */ = {isa = PBXFileReference; lastKnownFileType = text.plist; path = Info.plist; sourceTree = "<group>"; };
		AE90E4B92AB1E14A008B551A /* Demo2Business.framework */ = {isa = PBXFileReference; explicitFileType = wrapper.framework; path = Demo2Business.framework; sourceTree = BUILT_PRODUCTS_DIR; };
		AED7451C2AB9D44E00359D51 /* GoogleService-Info.plist */ = {isa = PBXFileReference; fileEncoding = 4; lastKnownFileType = text.plist.xml; name = "GoogleService-Info.plist"; path = "../../GoogleService-Info.plist"; sourceTree = "<group>"; };
		AEEC32AF2AB9714B00B3246A /* QuoteView.swift */ = {isa = PBXFileReference; lastKnownFileType = sourcecode.swift; path = QuoteView.swift; sourceTree = "<group>"; };
		AEEC32B12AB9715800B3246A /* QouteViewModel.swift */ = {isa = PBXFileReference; lastKnownFileType = sourcecode.swift; path = QouteViewModel.swift; sourceTree = "<group>"; };
		AEEC32B52AB9743C00B3246A /* QuoteRow.swift */ = {isa = PBXFileReference; lastKnownFileType = sourcecode.swift; path = QuoteRow.swift; sourceTree = "<group>"; };
		AEEC32B92AB978C500B3246A /* CreateQuoteView.swift */ = {isa = PBXFileReference; lastKnownFileType = sourcecode.swift; path = CreateQuoteView.swift; sourceTree = "<group>"; };
		AEEC32BB2AB9798100B3246A /* CreateQuoteViewModel.swift */ = {isa = PBXFileReference; lastKnownFileType = sourcecode.swift; path = CreateQuoteViewModel.swift; sourceTree = "<group>"; };
		AEEC32C82AB9C32F00B3246A /* Demo2Authentication.framework */ = {isa = PBXFileReference; explicitFileType = wrapper.framework; path = Demo2Authentication.framework; sourceTree = BUILT_PRODUCTS_DIR; };
		AEEC32C92AB9C32F00B3246A /* Demo2Firestore.framework */ = {isa = PBXFileReference; explicitFileType = wrapper.framework; path = Demo2Firestore.framework; sourceTree = BUILT_PRODUCTS_DIR; };
		AEEC32CA2AB9C32F00B3246A /* Demo2Storage.framework */ = {isa = PBXFileReference; explicitFileType = wrapper.framework; path = Demo2Storage.framework; sourceTree = BUILT_PRODUCTS_DIR; };
		AEEC32CB2AB9C32F00B3246A /* Demo2Utility.framework */ = {isa = PBXFileReference; explicitFileType = wrapper.framework; path = Demo2Utility.framework; sourceTree = BUILT_PRODUCTS_DIR; };
		AEEC32DF2AB9CFB200B3246A /* SwiftUI.framework */ = {isa = PBXFileReference; lastKnownFileType = wrapper.framework; name = SwiftUI.framework; path = System/Library/Frameworks/SwiftUI.framework; sourceTree = SDKROOT; };
/* End PBXFileReference section */

/* Begin PBXFrameworksBuildPhase section */
		AE90E45B2AB1DE8A008B551A /* Frameworks */ = {
			isa = PBXFrameworksBuildPhase;
			buildActionMask = 2147483647;
			files = (
				AE90E4BA2AB1E14A008B551A /* Demo2Business.framework in Frameworks */,
				AE0AD5592AC1796E00F76C85 /* FirebaseAuth in Frameworks */,
				AE1EEFF82ABADD5E002BDAFE /* Demo2Model.framework in Frameworks */,
				AE0AD5512AC173B200F76C85 /* FirebaseAnalytics in Frameworks */,
				AE0AD55D2AC1796E00F76C85 /* FirebaseStorage in Frameworks */,
				AE0E88D82AB2FD5600EA7530 /* Kingfisher in Frameworks */,
				AE0AD55B2AC1796E00F76C85 /* FirebaseFirestore in Frameworks */,
			);
			runOnlyForDeploymentPostprocessing = 0;
		};
/* End PBXFrameworksBuildPhase section */

/* Begin PBXGroup section */
		AE00FAE92AB44C8700A56DD5 /* List */ = {
			isa = PBXGroup;
			children = (
				AE00FAEE2AB44CB200A56DD5 /* View */,
				AE00FAED2AB44CAE00A56DD5 /* ViewModel */,
			);
			path = List;
			sourceTree = "<group>";
		};
		AE00FAEA2AB44C9300A56DD5 /* Profile */ = {
			isa = PBXGroup;
			children = (
				AE00FAF02AB44CC700A56DD5 /* View */,
			);
			path = Profile;
			sourceTree = "<group>";
		};
		AE00FAED2AB44CAE00A56DD5 /* ViewModel */ = {
			isa = PBXGroup;
			children = (
				AE0E886B2AB2DDA800EA7530 /* UsersViewModel.swift */,
				AE0E58922AB8399E0036DC8A /* UserListRowViewModel.swift */,
			);
			path = ViewModel;
			sourceTree = "<group>";
		};
		AE00FAEE2AB44CB200A56DD5 /* View */ = {
			isa = PBXGroup;
			children = (
				AE0E88672AB2DD1400EA7530 /* UserListView.swift */,
				AE00FAF32AB44D1400A56DD5 /* UserListRow.swift */,
			);
			path = View;
			sourceTree = "<group>";
		};
		AE00FAF02AB44CC700A56DD5 /* View */ = {
			isa = PBXGroup;
			children = (
				AE0E88A42AB2EE5C00EA7530 /* UserProfileView.swift */,
			);
			path = View;
			sourceTree = "<group>";
		};
		AE00FAF72AB4549500A56DD5 /* EditUser */ = {
			isa = PBXGroup;
			children = (
				AE00FAF92AB454AF00A56DD5 /* View */,
				AE00FAF82AB454AC00A56DD5 /* ViewModel */,
			);
			path = EditUser;
			sourceTree = "<group>";
		};
		AE00FAF82AB454AC00A56DD5 /* ViewModel */ = {
			isa = PBXGroup;
			children = (
				AE00FAFD2AB455FC00A56DD5 /* EditUserViewModel.swift */,
			);
			path = ViewModel;
			sourceTree = "<group>";
		};
		AE00FAF92AB454AF00A56DD5 /* View */ = {
			isa = PBXGroup;
			children = (
				AE00FAFA2AB454B800A56DD5 /* EditUserView.swift */,
			);
			path = View;
			sourceTree = "<group>";
		};
		AE0E58842AB81C4A0036DC8A /* ViewModel */ = {
			isa = PBXGroup;
			children = (
				AE0E58882AB81C860036DC8A /* LoginViewModel.swift */,
				AE0E588E2AB8275B0036DC8A /* RegistrationViewModel.swift */,
			);
			path = ViewModel;
			sourceTree = "<group>";
		};
		AE0E58852AB81C4F0036DC8A /* View */ = {
			isa = PBXGroup;
			children = (
				AE0E58862AB81C610036DC8A /* LoginView.swift */,
				AE0E588C2AB825C30036DC8A /* RegistrationView.swift */,
			);
			path = View;
			sourceTree = "<group>";
		};
		AE0E885F2AB2DBDA00EA7530 /* TabBar */ = {
			isa = PBXGroup;
			children = (
				AE0E88612AB2DBEF00EA7530 /* MainTabView.swift */,
			);
			path = TabBar;
			sourceTree = "<group>";
		};
		AE0E88602AB2DBE100EA7530 /* Authentication */ = {
			isa = PBXGroup;
			children = (
				AE0E58852AB81C4F0036DC8A /* View */,
				AE0E58842AB81C4A0036DC8A /* ViewModel */,
			);
			path = Authentication;
			sourceTree = "<group>";
		};
		AE0E88632AB2DC6000EA7530 /* Home */ = {
			isa = PBXGroup;
			children = (
				AE0E88652AB2DC8900EA7530 /* HomeView.swift */,
			);
			path = Home;
			sourceTree = "<group>";
		};
		AE0E88642AB2DC6800EA7530 /* User */ = {
			isa = PBXGroup;
			children = (
				AE00FAE92AB44C8700A56DD5 /* List */,
				AE00FAEA2AB44C9300A56DD5 /* Profile */,
				AE00FAF72AB4549500A56DD5 /* EditUser */,
			);
			path = User;
			sourceTree = "<group>";
		};
		AE0E886D2AB2DE9D00EA7530 /* Components */ = {
			isa = PBXGroup;
			children = (
				AE0E886E2AB2DEB000EA7530 /* CircularImage.swift */,
				AE0E588A2AB81D3C0036DC8A /* TextFieldModifier.swift */,
				AE0E58902AB828B30036DC8A /* ButtonModifier.swift */,
			);
			path = Components;
			sourceTree = "<group>";
		};
		AE90E4552AB1DE8A008B551A = {
			isa = PBXGroup;
			children = (
				AE90E4602AB1DE8A008B551A /* Demo2 */,
				AE90E45F2AB1DE8A008B551A /* Products */,
				AE90E4B82AB1E14A008B551A /* Frameworks */,
			);
			sourceTree = "<group>";
		};
		AE90E45F2AB1DE8A008B551A /* Products */ = {
			isa = PBXGroup;
			children = (
				AE90E45E2AB1DE8A008B551A /* Demo2.app */,
			);
			name = Products;
			sourceTree = "<group>";
		};
		AE90E4602AB1DE8A008B551A /* Demo2 */ = {
			isa = PBXGroup;
			children = (
				AE90E4B72AB1E142008B551A /* Info.plist */,
				AE90E4A32AB1DEF7008B551A /* App */,
				AE90E4A42AB1DEFB008B551A /* Core */,
				AED7451C2AB9D44E00359D51 /* GoogleService-Info.plist */,
				AE90E4652AB1DE8C008B551A /* Assets.xcassets */,
				AE90E4672AB1DE8C008B551A /* Preview Content */,
			);
			path = Demo2;
			sourceTree = "<group>";
		};
		AE90E4672AB1DE8C008B551A /* Preview Content */ = {
			isa = PBXGroup;
			children = (
				AE90E4682AB1DE8C008B551A /* Preview Assets.xcassets */,
			);
			path = "Preview Content";
			sourceTree = "<group>";
		};
		AE90E4A32AB1DEF7008B551A /* App */ = {
			isa = PBXGroup;
			children = (
				AE90E4612AB1DE8A008B551A /* Demo2App.swift */,
			);
			path = App;
			sourceTree = "<group>";
		};
		AE90E4A42AB1DEFB008B551A /* Core */ = {
			isa = PBXGroup;
			children = (
				AE0E88602AB2DBE100EA7530 /* Authentication */,
				AE0E886D2AB2DE9D00EA7530 /* Components */,
				AE0E88632AB2DC6000EA7530 /* Home */,
				AE0E88642AB2DC6800EA7530 /* User */,
				AE90E4A52AB1DEFE008B551A /* Root */,
				AE0E885F2AB2DBDA00EA7530 /* TabBar */,
				AEEC32AC2AB9712700B3246A /* Quote */,
			);
			path = Core;
			sourceTree = "<group>";
		};
		AE90E4A52AB1DEFE008B551A /* Root */ = {
			isa = PBXGroup;
			children = (
				AE90E4A72AB1DF13008B551A /* View */,
				AE90E4A62AB1DF0F008B551A /* VIewModel */,
			);
			path = Root;
			sourceTree = "<group>";
		};
		AE90E4A62AB1DF0F008B551A /* VIewModel */ = {
			isa = PBXGroup;
			children = (
				AE90E4A82AB1DF2B008B551A /* ContentViewModel.swift */,
			);
			path = VIewModel;
			sourceTree = "<group>";
		};
		AE90E4A72AB1DF13008B551A /* View */ = {
			isa = PBXGroup;
			children = (
				AE90E4632AB1DE8A008B551A /* ContentView.swift */,
			);
			path = View;
			sourceTree = "<group>";
		};
		AE90E4B82AB1E14A008B551A /* Frameworks */ = {
			isa = PBXGroup;
			children = (
				AE0AD5422AC16B6500F76C85 /* Demo2Firebase.framework */,
				AE05B7BA2ABDBAA6001B6FE6 /* Demo2Firebase.framework */,
				AEEC32DF2AB9CFB200B3246A /* SwiftUI.framework */,
				AEEC32C82AB9C32F00B3246A /* Demo2Authentication.framework */,
				AEEC32C92AB9C32F00B3246A /* Demo2Firestore.framework */,
				AEEC32CA2AB9C32F00B3246A /* Demo2Storage.framework */,
				AEEC32CB2AB9C32F00B3246A /* Demo2Utility.framework */,
				AE0E58A62AB86C6D0036DC8A /* Demo2Authentication.framework */,
				AE0E88D32AB2FB4200EA7530 /* Demo2Storage.framework */,
				AE0E88992AB2E62900EA7530 /* Demo2Model.framework */,
				AE90E4B92AB1E14A008B551A /* Demo2Business.framework */,
			);
			name = Frameworks;
			sourceTree = "<group>";
		};
		AEEC32AC2AB9712700B3246A /* Quote */ = {
			isa = PBXGroup;
			children = (
				AEEC32AE2AB9713E00B3246A /* View */,
				AEEC32AD2AB9713300B3246A /* ViewModel */,
			);
			path = Quote;
			sourceTree = "<group>";
		};
		AEEC32AD2AB9713300B3246A /* ViewModel */ = {
			isa = PBXGroup;
			children = (
				AEEC32B12AB9715800B3246A /* QouteViewModel.swift */,
				AEEC32BB2AB9798100B3246A /* CreateQuoteViewModel.swift */,
			);
			path = ViewModel;
			sourceTree = "<group>";
		};
		AEEC32AE2AB9713E00B3246A /* View */ = {
			isa = PBXGroup;
			children = (
				AEEC32AF2AB9714B00B3246A /* QuoteView.swift */,
				AEEC32B52AB9743C00B3246A /* QuoteRow.swift */,
				AEEC32B92AB978C500B3246A /* CreateQuoteView.swift */,
			);
			path = View;
			sourceTree = "<group>";
		};
/* End PBXGroup section */

/* Begin PBXNativeTarget section */
		AE90E45D2AB1DE8A008B551A /* Demo2 */ = {
			isa = PBXNativeTarget;
			buildConfigurationList = AE90E46C2AB1DE8C008B551A /* Build configuration list for PBXNativeTarget "Demo2" */;
			buildPhases = (
				AE90E45A2AB1DE8A008B551A /* Sources */,
				AE90E45B2AB1DE8A008B551A /* Frameworks */,
				AE90E45C2AB1DE8A008B551A /* Resources */,
				AE90E4BC2AB1E14A008B551A /* Embed Frameworks */,
				AE0AD54F2AC172DB00F76C85 /* ShellScript */,
			);
			buildRules = (
			);
			dependencies = (
			);
			name = Demo2;
			packageProductDependencies = (
				AE0E88D72AB2FD5600EA7530 /* Kingfisher */,
				AE0AD5502AC173B200F76C85 /* FirebaseAnalytics */,
				AE0AD5582AC1796E00F76C85 /* FirebaseAuth */,
				AE0AD55A2AC1796E00F76C85 /* FirebaseFirestore */,
				AE0AD55C2AC1796E00F76C85 /* FirebaseStorage */,
			);
			productName = Demo2;
			productReference = AE90E45E2AB1DE8A008B551A /* Demo2.app */;
			productType = "com.apple.product-type.application";
		};
/* End PBXNativeTarget section */

/* Begin PBXProject section */
		AE90E4562AB1DE8A008B551A /* Project object */ = {
			isa = PBXProject;
			attributes = {
				BuildIndependentTargetsInParallel = 1;
				LastSwiftUpdateCheck = 1430;
				LastUpgradeCheck = 1430;
				TargetAttributes = {
					AE90E45D2AB1DE8A008B551A = {
						CreatedOnToolsVersion = 14.3.1;
					};
				};
			};
			buildConfigurationList = AE90E4592AB1DE8A008B551A /* Build configuration list for PBXProject "Demo2" */;
			compatibilityVersion = "Xcode 14.0";
			developmentRegion = en;
			hasScannedForEncodings = 0;
			knownRegions = (
				en,
				Base,
			);
			mainGroup = AE90E4552AB1DE8A008B551A;
			packageReferences = (
				AE0E88D62AB2FD5600EA7530 /* XCRemoteSwiftPackageReference "Kingfisher" */,
				AE0AD5482AC170DE00F76C85 /* XCRemoteSwiftPackageReference "firebase-ios-sdk" */,
			);
			productRefGroup = AE90E45F2AB1DE8A008B551A /* Products */;
			projectDirPath = "";
			projectRoot = "";
			targets = (
				AE90E45D2AB1DE8A008B551A /* Demo2 */,
			);
		};
/* End PBXProject section */

/* Begin PBXResourcesBuildPhase section */
		AE90E45C2AB1DE8A008B551A /* Resources */ = {
			isa = PBXResourcesBuildPhase;
			buildActionMask = 2147483647;
			files = (
				AE90E4692AB1DE8C008B551A /* Preview Assets.xcassets in Resources */,
				AE90E4662AB1DE8C008B551A /* Assets.xcassets in Resources */,
				AED7451D2AB9D44E00359D51 /* GoogleService-Info.plist in Resources */,
			);
			runOnlyForDeploymentPostprocessing = 0;
		};
/* End PBXResourcesBuildPhase section */

/* Begin PBXShellScriptBuildPhase section */
		AE0AD54F2AC172DB00F76C85 /* ShellScript */ = {
			isa = PBXShellScriptBuildPhase;
			buildActionMask = 2147483647;
			files = (
			);
			inputFileListPaths = (
			);
			inputPaths = (
				"${DWARF_DSYM_FOLDER_PATH}/${DWARF_DSYM_FILE_NAME}",
				"${DWARF_DSYM_FOLDER_PATH}/${DWARF_DSYM_FILE_NAME}/Contents/Resources/DWARF/${PRODUCT_NAME}",
				"${DWARF_DSYM_FOLDER_PATH}/${DWARF_DSYM_FILE_NAME}/Contents/Info.plist",
				"$(BUILT_PRODUCTS_DIR)/$(UNLOCALIZED_RESOURCES_FOLDER_PATH)/GoogleService-Info.plist",
				"$(BUILT_PRODUCTS_DIR)/$(EXECUTABLE_PATH)",
			);
			outputFileListPaths = (
			);
			outputPaths = (
			);
			runOnlyForDeploymentPostprocessing = 0;
			shellPath = /bin/sh;
			shellScript = "# Type a script or drag a script file from your workspace to insert its path.\n\"${BUILD_DIR%/Build/*}/SourcePackages/checkouts/firebase-ios-sdk/Crashlytics/run\"\n";
		};
/* End PBXShellScriptBuildPhase section */

/* Begin PBXSourcesBuildPhase section */
		AE90E45A2AB1DE8A008B551A /* Sources */ = {
			isa = PBXSourcesBuildPhase;
			buildActionMask = 2147483647;
			files = (
				AE00FAFB2AB454B800A56DD5 /* EditUserView.swift in Sources */,
				AE90E4642AB1DE8A008B551A /* ContentView.swift in Sources */,
				AEEC32B22AB9715800B3246A /* QouteViewModel.swift in Sources */,
				AEEC32BC2AB9798100B3246A /* CreateQuoteViewModel.swift in Sources */,
				AE0E88682AB2DD1500EA7530 /* UserListView.swift in Sources */,
				AEEC32BA2AB978C500B3246A /* CreateQuoteView.swift in Sources */,
				AE0E588F2AB8275B0036DC8A /* RegistrationViewModel.swift in Sources */,
				AE0E588D2AB825C30036DC8A /* RegistrationView.swift in Sources */,
				AE0E58872AB81C610036DC8A /* LoginView.swift in Sources */,
				AE0E58892AB81C860036DC8A /* LoginViewModel.swift in Sources */,
				AE90E4622AB1DE8A008B551A /* Demo2App.swift in Sources */,
				AE00FAF42AB44D1400A56DD5 /* UserListRow.swift in Sources */,
				AE0E58932AB8399E0036DC8A /* UserListRowViewModel.swift in Sources */,
				AE0E588B2AB81D3C0036DC8A /* TextFieldModifier.swift in Sources */,
				AEEC32B02AB9714B00B3246A /* QuoteView.swift in Sources */,
				AE90E4A92AB1DF2B008B551A /* ContentViewModel.swift in Sources */,
				AE0E88662AB2DC8900EA7530 /* HomeView.swift in Sources */,
				AE0E886C2AB2DDA800EA7530 /* UsersViewModel.swift in Sources */,
				AE0E58912AB828B30036DC8A /* ButtonModifier.swift in Sources */,
				AE00FAFE2AB455FC00A56DD5 /* EditUserViewModel.swift in Sources */,
				AE0E88A52AB2EE5C00EA7530 /* UserProfileView.swift in Sources */,
				AEEC32B62AB9743C00B3246A /* QuoteRow.swift in Sources */,
				AE0E886F2AB2DEB000EA7530 /* CircularImage.swift in Sources */,
				AE0E88622AB2DBEF00EA7530 /* MainTabView.swift in Sources */,
			);
			runOnlyForDeploymentPostprocessing = 0;
		};
/* End PBXSourcesBuildPhase section */

/* Begin XCBuildConfiguration section */
		AE90E46A2AB1DE8C008B551A /* Debug */ = {
			isa = XCBuildConfiguration;
			buildSettings = {
				ALWAYS_SEARCH_USER_PATHS = NO;
				CLANG_ANALYZER_NONNULL = YES;
				CLANG_ANALYZER_NUMBER_OBJECT_CONVERSION = YES_AGGRESSIVE;
				CLANG_CXX_LANGUAGE_STANDARD = "gnu++20";
				CLANG_ENABLE_MODULES = YES;
				CLANG_ENABLE_OBJC_ARC = YES;
				CLANG_ENABLE_OBJC_WEAK = YES;
				CLANG_WARN_BLOCK_CAPTURE_AUTORELEASING = YES;
				CLANG_WARN_BOOL_CONVERSION = YES;
				CLANG_WARN_COMMA = YES;
				CLANG_WARN_CONSTANT_CONVERSION = YES;
				CLANG_WARN_DEPRECATED_OBJC_IMPLEMENTATIONS = YES;
				CLANG_WARN_DIRECT_OBJC_ISA_USAGE = YES_ERROR;
				CLANG_WARN_DOCUMENTATION_COMMENTS = YES;
				CLANG_WARN_EMPTY_BODY = YES;
				CLANG_WARN_ENUM_CONVERSION = YES;
				CLANG_WARN_INFINITE_RECURSION = YES;
				CLANG_WARN_INT_CONVERSION = YES;
				CLANG_WARN_NON_LITERAL_NULL_CONVERSION = YES;
				CLANG_WARN_OBJC_IMPLICIT_RETAIN_SELF = YES;
				CLANG_WARN_OBJC_LITERAL_CONVERSION = YES;
				CLANG_WARN_OBJC_ROOT_CLASS = YES_ERROR;
				CLANG_WARN_QUOTED_INCLUDE_IN_FRAMEWORK_HEADER = YES;
				CLANG_WARN_RANGE_LOOP_ANALYSIS = YES;
				CLANG_WARN_STRICT_PROTOTYPES = YES;
				CLANG_WARN_SUSPICIOUS_MOVE = YES;
				CLANG_WARN_UNGUARDED_AVAILABILITY = YES_AGGRESSIVE;
				CLANG_WARN_UNREACHABLE_CODE = YES;
				CLANG_WARN__DUPLICATE_METHOD_MATCH = YES;
				COPY_PHASE_STRIP = NO;
				DEBUG_INFORMATION_FORMAT = dwarf;
				ENABLE_STRICT_OBJC_MSGSEND = YES;
				ENABLE_TESTABILITY = YES;
				GCC_C_LANGUAGE_STANDARD = gnu11;
				GCC_DYNAMIC_NO_PIC = NO;
				GCC_NO_COMMON_BLOCKS = YES;
				GCC_OPTIMIZATION_LEVEL = 0;
				GCC_PREPROCESSOR_DEFINITIONS = (
					"DEBUG=1",
					"$(inherited)",
				);
				GCC_WARN_64_TO_32_BIT_CONVERSION = YES;
				GCC_WARN_ABOUT_RETURN_TYPE = YES_ERROR;
				GCC_WARN_UNDECLARED_SELECTOR = YES;
				GCC_WARN_UNINITIALIZED_AUTOS = YES_AGGRESSIVE;
				GCC_WARN_UNUSED_FUNCTION = YES;
				GCC_WARN_UNUSED_VARIABLE = YES;
				IPHONEOS_DEPLOYMENT_TARGET = 16.4;
				MTL_ENABLE_DEBUG_INFO = INCLUDE_SOURCE;
				MTL_FAST_MATH = YES;
				ONLY_ACTIVE_ARCH = YES;
				SDKROOT = iphoneos;
				SWIFT_ACTIVE_COMPILATION_CONDITIONS = DEBUG;
				SWIFT_OPTIMIZATION_LEVEL = "-Onone";
			};
			name = Debug;
		};
		AE90E46B2AB1DE8C008B551A /* Release */ = {
			isa = XCBuildConfiguration;
			buildSettings = {
				ALWAYS_SEARCH_USER_PATHS = NO;
				CLANG_ANALYZER_NONNULL = YES;
				CLANG_ANALYZER_NUMBER_OBJECT_CONVERSION = YES_AGGRESSIVE;
				CLANG_CXX_LANGUAGE_STANDARD = "gnu++20";
				CLANG_ENABLE_MODULES = YES;
				CLANG_ENABLE_OBJC_ARC = YES;
				CLANG_ENABLE_OBJC_WEAK = YES;
				CLANG_WARN_BLOCK_CAPTURE_AUTORELEASING = YES;
				CLANG_WARN_BOOL_CONVERSION = YES;
				CLANG_WARN_COMMA = YES;
				CLANG_WARN_CONSTANT_CONVERSION = YES;
				CLANG_WARN_DEPRECATED_OBJC_IMPLEMENTATIONS = YES;
				CLANG_WARN_DIRECT_OBJC_ISA_USAGE = YES_ERROR;
				CLANG_WARN_DOCUMENTATION_COMMENTS = YES;
				CLANG_WARN_EMPTY_BODY = YES;
				CLANG_WARN_ENUM_CONVERSION = YES;
				CLANG_WARN_INFINITE_RECURSION = YES;
				CLANG_WARN_INT_CONVERSION = YES;
				CLANG_WARN_NON_LITERAL_NULL_CONVERSION = YES;
				CLANG_WARN_OBJC_IMPLICIT_RETAIN_SELF = YES;
				CLANG_WARN_OBJC_LITERAL_CONVERSION = YES;
				CLANG_WARN_OBJC_ROOT_CLASS = YES_ERROR;
				CLANG_WARN_QUOTED_INCLUDE_IN_FRAMEWORK_HEADER = YES;
				CLANG_WARN_RANGE_LOOP_ANALYSIS = YES;
				CLANG_WARN_STRICT_PROTOTYPES = YES;
				CLANG_WARN_SUSPICIOUS_MOVE = YES;
				CLANG_WARN_UNGUARDED_AVAILABILITY = YES_AGGRESSIVE;
				CLANG_WARN_UNREACHABLE_CODE = YES;
				CLANG_WARN__DUPLICATE_METHOD_MATCH = YES;
				COPY_PHASE_STRIP = NO;
				DEBUG_INFORMATION_FORMAT = "dwarf-with-dsym";
				ENABLE_NS_ASSERTIONS = NO;
				ENABLE_STRICT_OBJC_MSGSEND = YES;
				GCC_C_LANGUAGE_STANDARD = gnu11;
				GCC_NO_COMMON_BLOCKS = YES;
				GCC_WARN_64_TO_32_BIT_CONVERSION = YES;
				GCC_WARN_ABOUT_RETURN_TYPE = YES_ERROR;
				GCC_WARN_UNDECLARED_SELECTOR = YES;
				GCC_WARN_UNINITIALIZED_AUTOS = YES_AGGRESSIVE;
				GCC_WARN_UNUSED_FUNCTION = YES;
				GCC_WARN_UNUSED_VARIABLE = YES;
				IPHONEOS_DEPLOYMENT_TARGET = 16.4;
				MTL_ENABLE_DEBUG_INFO = NO;
				MTL_FAST_MATH = YES;
				SDKROOT = iphoneos;
				SWIFT_COMPILATION_MODE = wholemodule;
				SWIFT_OPTIMIZATION_LEVEL = "-O";
				VALIDATE_PRODUCT = YES;
			};
			name = Release;
		};
		AE90E46D2AB1DE8C008B551A /* Debug */ = {
			isa = XCBuildConfiguration;
			buildSettings = {
				ASSETCATALOG_COMPILER_APPICON_NAME = AppIcon;
				ASSETCATALOG_COMPILER_GLOBAL_ACCENT_COLOR_NAME = AccentColor;
				CODE_SIGN_STYLE = Automatic;
				CURRENT_PROJECT_VERSION = 1;
				DEBUG_INFORMATION_FORMAT = "dwarf-with-dsym";
				DEVELOPMENT_ASSET_PATHS = "\"Demo2/Preview Content\"";
				DEVELOPMENT_TEAM = WX8Z7FUV3Y;
				ENABLE_PREVIEWS = YES;
				FRAMEWORK_SEARCH_PATHS = "";
				GENERATE_INFOPLIST_FILE = YES;
				INFOPLIST_FILE = Demo2/Info.plist;
				INFOPLIST_KEY_CFBundleDisplayName = Demo2;
				INFOPLIST_KEY_UIApplicationSceneManifest_Generation = YES;
				INFOPLIST_KEY_UIApplicationSupportsIndirectInputEvents = YES;
				INFOPLIST_KEY_UILaunchScreen_Generation = YES;
				INFOPLIST_KEY_UISupportedInterfaceOrientations = "UIInterfaceOrientationPortrait UIInterfaceOrientationPortraitUpsideDown";
				LD_RUNPATH_SEARCH_PATHS = (
					"$(inherited)",
					"@executable_path/Frameworks",
				);
				LIBRARY_SEARCH_PATHS = "";
				MARKETING_VERSION = 1.0;
				OTHER_LDFLAGS = "";
				PRODUCT_BUNDLE_IDENTIFIER = com.mihamlinaric.Demo2;
				PRODUCT_NAME = "$(TARGET_NAME)";
				SWIFT_EMIT_LOC_STRINGS = YES;
				SWIFT_INCLUDE_PATHS = "";
				SWIFT_VERSION = 5.0;
				TARGETED_DEVICE_FAMILY = "1,2";
			};
			name = Debug;
		};
		AE90E46E2AB1DE8C008B551A /* Release */ = {
			isa = XCBuildConfiguration;
			buildSettings = {
				ASSETCATALOG_COMPILER_APPICON_NAME = AppIcon;
				ASSETCATALOG_COMPILER_GLOBAL_ACCENT_COLOR_NAME = AccentColor;
				CODE_SIGN_STYLE = Automatic;
				CURRENT_PROJECT_VERSION = 1;
				DEVELOPMENT_ASSET_PATHS = "\"Demo2/Preview Content\"";
				DEVELOPMENT_TEAM = WX8Z7FUV3Y;
				ENABLE_PREVIEWS = YES;
				FRAMEWORK_SEARCH_PATHS = "";
				GENERATE_INFOPLIST_FILE = YES;
				INFOPLIST_FILE = Demo2/Info.plist;
				INFOPLIST_KEY_CFBundleDisplayName = Demo2;
				INFOPLIST_KEY_UIApplicationSceneManifest_Generation = YES;
				INFOPLIST_KEY_UIApplicationSupportsIndirectInputEvents = YES;
				INFOPLIST_KEY_UILaunchScreen_Generation = YES;
				INFOPLIST_KEY_UISupportedInterfaceOrientations = "UIInterfaceOrientationPortrait UIInterfaceOrientationPortraitUpsideDown";
				LD_RUNPATH_SEARCH_PATHS = (
					"$(inherited)",
					"@executable_path/Frameworks",
				);
				LIBRARY_SEARCH_PATHS = "";
				MARKETING_VERSION = 1.0;
				ONLY_ACTIVE_ARCH = NO;
				OTHER_LDFLAGS = "";
				PRODUCT_BUNDLE_IDENTIFIER = com.mihamlinaric.Demo2;
				PRODUCT_NAME = "$(TARGET_NAME)";
				SWIFT_EMIT_LOC_STRINGS = YES;
				SWIFT_INCLUDE_PATHS = "";
				SWIFT_VERSION = 5.0;
				TARGETED_DEVICE_FAMILY = "1,2";
			};
			name = Release;
		};
/* End XCBuildConfiguration section */

/* Begin XCConfigurationList section */
		AE90E4592AB1DE8A008B551A /* Build configuration list for PBXProject "Demo2" */ = {
			isa = XCConfigurationList;
			buildConfigurations = (
				AE90E46A2AB1DE8C008B551A /* Debug */,
				AE90E46B2AB1DE8C008B551A /* Release */,
			);
			defaultConfigurationIsVisible = 0;
			defaultConfigurationName = Release;
		};
		AE90E46C2AB1DE8C008B551A /* Build configuration list for PBXNativeTarget "Demo2" */ = {
			isa = XCConfigurationList;
			buildConfigurations = (
				AE90E46D2AB1DE8C008B551A /* Debug */,
				AE90E46E2AB1DE8C008B551A /* Release */,
			);
			defaultConfigurationIsVisible = 0;
			defaultConfigurationName = Release;
		};
/* End XCConfigurationList section */

/* Begin XCRemoteSwiftPackageReference section */
		AE0AD5482AC170DE00F76C85 /* XCRemoteSwiftPackageReference "firebase-ios-sdk" */ = {
			isa = XCRemoteSwiftPackageReference;
			repositoryURL = "https://github.com/firebase/firebase-ios-sdk";
			requirement = {
				kind = upToNextMajorVersion;
				minimumVersion = 10.0.0;
			};
		};
		AE0E88D62AB2FD5600EA7530 /* XCRemoteSwiftPackageReference "Kingfisher" */ = {
			isa = XCRemoteSwiftPackageReference;
			repositoryURL = "https://github.com/onevcat/Kingfisher.git";
			requirement = {
				kind = upToNextMajorVersion;
				minimumVersion = 7.0.0;
			};
		};
/* End XCRemoteSwiftPackageReference section */

/* Begin XCSwiftPackageProductDependency section */
		AE0AD5502AC173B200F76C85 /* FirebaseAnalytics */ = {
			isa = XCSwiftPackageProductDependency;
			package = AE0AD5482AC170DE00F76C85 /* XCRemoteSwiftPackageReference "firebase-ios-sdk" */;
			productName = FirebaseAnalytics;
		};
		AE0AD5582AC1796E00F76C85 /* FirebaseAuth */ = {
			isa = XCSwiftPackageProductDependency;
			package = AE0AD5482AC170DE00F76C85 /* XCRemoteSwiftPackageReference "firebase-ios-sdk" */;
			productName = FirebaseAuth;
		};
		AE0AD55A2AC1796E00F76C85 /* FirebaseFirestore */ = {
			isa = XCSwiftPackageProductDependency;
			package = AE0AD5482AC170DE00F76C85 /* XCRemoteSwiftPackageReference "firebase-ios-sdk" */;
			productName = FirebaseFirestore;
		};
		AE0AD55C2AC1796E00F76C85 /* FirebaseStorage */ = {
			isa = XCSwiftPackageProductDependency;
			package = AE0AD5482AC170DE00F76C85 /* XCRemoteSwiftPackageReference "firebase-ios-sdk" */;
			productName = FirebaseStorage;
		};
		AE0E88D72AB2FD5600EA7530 /* Kingfisher */ = {
			isa = XCSwiftPackageProductDependency;
			package = AE0E88D62AB2FD5600EA7530 /* XCRemoteSwiftPackageReference "Kingfisher" */;
			productName = Kingfisher;
		};
/* End XCSwiftPackageProductDependency section */
	};
	rootObject = AE90E4562AB1DE8A008B551A /* Project object */;
}
