// !$*UTF8*$!
{
	archiveVersion = 1;
	classes = {
	};
	objectVersion = 56;
	objects = {

/* Begin PBXBuildFile section */
		AE0E88622AB2DBEF00EA7530 /* MainTabView.swift in Sources */ = {isa = PBXBuildFile; fileRef = AE0E88612AB2DBEF00EA7530 /* MainTabView.swift */; };
		AE0E88662AB2DC8900EA7530 /* HomeView.swift in Sources */ = {isa = PBXBuildFile; fileRef = AE0E88652AB2DC8900EA7530 /* HomeView.swift */; };
		AE0E88682AB2DD1500EA7530 /* UserView.swift in Sources */ = {isa = PBXBuildFile; fileRef = AE0E88672AB2DD1400EA7530 /* UserView.swift */; };
		AE0E886C2AB2DDA800EA7530 /* UserViewModel.swift in Sources */ = {isa = PBXBuildFile; fileRef = AE0E886B2AB2DDA800EA7530 /* UserViewModel.swift */; };
		AE0E886F2AB2DEB000EA7530 /* CircularImage.swift in Sources */ = {isa = PBXBuildFile; fileRef = AE0E886E2AB2DEB000EA7530 /* CircularImage.swift */; };
		AE0E88722AB2DF4600EA7530 /* Createuser.swift in Sources */ = {isa = PBXBuildFile; fileRef = AE0E88712AB2DF4600EA7530 /* Createuser.swift */; };
		AE0E88742AB2DFDD00EA7530 /* CreateUserViewModel.swift in Sources */ = {isa = PBXBuildFile; fileRef = AE0E88732AB2DFDD00EA7530 /* CreateUserViewModel.swift */; };
		AE0E889A2AB2E62900EA7530 /* Demo2Model.framework in Frameworks */ = {isa = PBXBuildFile; fileRef = AE0E88992AB2E62900EA7530 /* Demo2Model.framework */; };
		AE0E889B2AB2E62900EA7530 /* Demo2Model.framework in Embed Frameworks */ = {isa = PBXBuildFile; fileRef = AE0E88992AB2E62900EA7530 /* Demo2Model.framework */; settings = {ATTRIBUTES = (CodeSignOnCopy, RemoveHeadersOnCopy, ); }; };
		AE0E88A52AB2EE5C00EA7530 /* UserProfileView.swift in Sources */ = {isa = PBXBuildFile; fileRef = AE0E88A42AB2EE5C00EA7530 /* UserProfileView.swift */; };
		AE0E88D82AB2FD5600EA7530 /* Kingfisher in Frameworks */ = {isa = PBXBuildFile; productRef = AE0E88D72AB2FD5600EA7530 /* Kingfisher */; };
		AE0E89172AB3252600EA7530 /* GoogleService-Info.plist in Resources */ = {isa = PBXBuildFile; fileRef = AE0E89162AB3252600EA7530 /* GoogleService-Info.plist */; };
		AE0E891C2AB32BAD00EA7530 /* FirebaseAnalytics in Frameworks */ = {isa = PBXBuildFile; productRef = AE0E891B2AB32BAD00EA7530 /* FirebaseAnalytics */; };
		AE0E891E2AB32CF500EA7530 /* FirebaseFirestore in Frameworks */ = {isa = PBXBuildFile; productRef = AE0E891D2AB32CF500EA7530 /* FirebaseFirestore */; };
		AE90E4622AB1DE8A008B551A /* Demo2App.swift in Sources */ = {isa = PBXBuildFile; fileRef = AE90E4612AB1DE8A008B551A /* Demo2App.swift */; };
		AE90E4642AB1DE8A008B551A /* ContentView.swift in Sources */ = {isa = PBXBuildFile; fileRef = AE90E4632AB1DE8A008B551A /* ContentView.swift */; };
		AE90E4662AB1DE8C008B551A /* Assets.xcassets in Resources */ = {isa = PBXBuildFile; fileRef = AE90E4652AB1DE8C008B551A /* Assets.xcassets */; };
		AE90E4692AB1DE8C008B551A /* Preview Assets.xcassets in Resources */ = {isa = PBXBuildFile; fileRef = AE90E4682AB1DE8C008B551A /* Preview Assets.xcassets */; };
		AE90E4A92AB1DF2B008B551A /* ContentViewModel.swift in Sources */ = {isa = PBXBuildFile; fileRef = AE90E4A82AB1DF2B008B551A /* ContentViewModel.swift */; };
		AE90E4BA2AB1E14A008B551A /* Demo2Business.framework in Frameworks */ = {isa = PBXBuildFile; fileRef = AE90E4B92AB1E14A008B551A /* Demo2Business.framework */; };
		AE90E4BB2AB1E14A008B551A /* Demo2Business.framework in Embed Frameworks */ = {isa = PBXBuildFile; fileRef = AE90E4B92AB1E14A008B551A /* Demo2Business.framework */; settings = {ATTRIBUTES = (CodeSignOnCopy, RemoveHeadersOnCopy, ); }; };
/* End PBXBuildFile section */

/* Begin PBXCopyFilesBuildPhase section */
		AE90E4BC2AB1E14A008B551A /* Embed Frameworks */ = {
			isa = PBXCopyFilesBuildPhase;
			buildActionMask = 2147483647;
			dstPath = "";
			dstSubfolderSpec = 10;
			files = (
				AE0E889B2AB2E62900EA7530 /* Demo2Model.framework in Embed Frameworks */,
				AE90E4BB2AB1E14A008B551A /* Demo2Business.framework in Embed Frameworks */,
			);
			name = "Embed Frameworks";
			runOnlyForDeploymentPostprocessing = 0;
		};
/* End PBXCopyFilesBuildPhase section */

/* Begin PBXFileReference section */
		AE0E88612AB2DBEF00EA7530 /* MainTabView.swift */ = {isa = PBXFileReference; lastKnownFileType = sourcecode.swift; path = MainTabView.swift; sourceTree = "<group>"; };
		AE0E88652AB2DC8900EA7530 /* HomeView.swift */ = {isa = PBXFileReference; lastKnownFileType = sourcecode.swift; path = HomeView.swift; sourceTree = "<group>"; };
		AE0E88672AB2DD1400EA7530 /* UserView.swift */ = {isa = PBXFileReference; lastKnownFileType = sourcecode.swift; path = UserView.swift; sourceTree = "<group>"; };
		AE0E886B2AB2DDA800EA7530 /* UserViewModel.swift */ = {isa = PBXFileReference; lastKnownFileType = sourcecode.swift; path = UserViewModel.swift; sourceTree = "<group>"; };
		AE0E886E2AB2DEB000EA7530 /* CircularImage.swift */ = {isa = PBXFileReference; lastKnownFileType = sourcecode.swift; path = CircularImage.swift; sourceTree = "<group>"; };
		AE0E88712AB2DF4600EA7530 /* Createuser.swift */ = {isa = PBXFileReference; lastKnownFileType = sourcecode.swift; path = Createuser.swift; sourceTree = "<group>"; };
		AE0E88732AB2DFDD00EA7530 /* CreateUserViewModel.swift */ = {isa = PBXFileReference; lastKnownFileType = sourcecode.swift; path = CreateUserViewModel.swift; sourceTree = "<group>"; };
		AE0E88992AB2E62900EA7530 /* Demo2Model.framework */ = {isa = PBXFileReference; explicitFileType = wrapper.framework; path = Demo2Model.framework; sourceTree = BUILT_PRODUCTS_DIR; };
		AE0E88A42AB2EE5C00EA7530 /* UserProfileView.swift */ = {isa = PBXFileReference; lastKnownFileType = sourcecode.swift; path = UserProfileView.swift; sourceTree = "<group>"; };
		AE0E88D32AB2FB4200EA7530 /* Demo2Storage.framework */ = {isa = PBXFileReference; explicitFileType = wrapper.framework; path = Demo2Storage.framework; sourceTree = BUILT_PRODUCTS_DIR; };
		AE0E89162AB3252600EA7530 /* GoogleService-Info.plist */ = {isa = PBXFileReference; fileEncoding = 4; lastKnownFileType = text.plist.xml; name = "GoogleService-Info.plist"; path = "../../../../github/Architecture/GoogleService-Info.plist"; sourceTree = "<group>"; };
		AE90E45E2AB1DE8A008B551A /* Demo2.app */ = {isa = PBXFileReference; explicitFileType = wrapper.application; includeInIndex = 0; path = Demo2.app; sourceTree = BUILT_PRODUCTS_DIR; };
		AE90E4612AB1DE8A008B551A /* Demo2App.swift */ = {isa = PBXFileReference; lastKnownFileType = sourcecode.swift; path = Demo2App.swift; sourceTree = "<group>"; };
		AE90E4632AB1DE8A008B551A /* ContentView.swift */ = {isa = PBXFileReference; lastKnownFileType = sourcecode.swift; path = ContentView.swift; sourceTree = "<group>"; };
		AE90E4652AB1DE8C008B551A /* Assets.xcassets */ = {isa = PBXFileReference; lastKnownFileType = folder.assetcatalog; path = Assets.xcassets; sourceTree = "<group>"; };
		AE90E4682AB1DE8C008B551A /* Preview Assets.xcassets */ = {isa = PBXFileReference; lastKnownFileType = folder.assetcatalog; path = "Preview Assets.xcassets"; sourceTree = "<group>"; };
		AE90E4A82AB1DF2B008B551A /* ContentViewModel.swift */ = {isa = PBXFileReference; lastKnownFileType = sourcecode.swift; path = ContentViewModel.swift; sourceTree = "<group>"; };
		AE90E4B72AB1E142008B551A /* Info.plist */ = {isa = PBXFileReference; lastKnownFileType = text.plist; path = Info.plist; sourceTree = "<group>"; };
		AE90E4B92AB1E14A008B551A /* Demo2Business.framework */ = {isa = PBXFileReference; explicitFileType = wrapper.framework; path = Demo2Business.framework; sourceTree = BUILT_PRODUCTS_DIR; };
/* End PBXFileReference section */

/* Begin PBXFrameworksBuildPhase section */
		AE90E45B2AB1DE8A008B551A /* Frameworks */ = {
			isa = PBXFrameworksBuildPhase;
			buildActionMask = 2147483647;
			files = (
				AE0E889A2AB2E62900EA7530 /* Demo2Model.framework in Frameworks */,
				AE90E4BA2AB1E14A008B551A /* Demo2Business.framework in Frameworks */,
				AE0E891C2AB32BAD00EA7530 /* FirebaseAnalytics in Frameworks */,
				AE0E891E2AB32CF500EA7530 /* FirebaseFirestore in Frameworks */,
				AE0E88D82AB2FD5600EA7530 /* Kingfisher in Frameworks */,
			);
			runOnlyForDeploymentPostprocessing = 0;
		};
/* End PBXFrameworksBuildPhase section */

/* Begin PBXGroup section */
		AE0E885F2AB2DBDA00EA7530 /* TabBar */ = {
			isa = PBXGroup;
			children = (
				AE0E88612AB2DBEF00EA7530 /* MainTabView.swift */,
			);
			path = TabBar;
			sourceTree = "<group>";
		};
		AE0E88602AB2DBE100EA7530 /* Authentication */ = {
			isa = PBXGroup;
			children = (
			);
			path = Authentication;
			sourceTree = "<group>";
		};
		AE0E88632AB2DC6000EA7530 /* Home */ = {
			isa = PBXGroup;
			children = (
				AE0E88652AB2DC8900EA7530 /* HomeView.swift */,
			);
			path = Home;
			sourceTree = "<group>";
		};
		AE0E88642AB2DC6800EA7530 /* User */ = {
			isa = PBXGroup;
			children = (
				AE0E886A2AB2DD9800EA7530 /* View */,
				AE0E88692AB2DD9400EA7530 /* ViewModel */,
			);
			path = User;
			sourceTree = "<group>";
		};
		AE0E88692AB2DD9400EA7530 /* ViewModel */ = {
			isa = PBXGroup;
			children = (
				AE0E886B2AB2DDA800EA7530 /* UserViewModel.swift */,
				AE0E88732AB2DFDD00EA7530 /* CreateUserViewModel.swift */,
			);
			path = ViewModel;
			sourceTree = "<group>";
		};
		AE0E886A2AB2DD9800EA7530 /* View */ = {
			isa = PBXGroup;
			children = (
				AE0E88672AB2DD1400EA7530 /* UserView.swift */,
				AE0E88A42AB2EE5C00EA7530 /* UserProfileView.swift */,
				AE0E88712AB2DF4600EA7530 /* Createuser.swift */,
			);
			path = View;
			sourceTree = "<group>";
		};
		AE0E886D2AB2DE9D00EA7530 /* Components */ = {
			isa = PBXGroup;
			children = (
				AE0E886E2AB2DEB000EA7530 /* CircularImage.swift */,
			);
			path = Components;
			sourceTree = "<group>";
		};
		AE90E4552AB1DE8A008B551A = {
			isa = PBXGroup;
			children = (
				AE90E4602AB1DE8A008B551A /* Demo2 */,
				AE90E45F2AB1DE8A008B551A /* Products */,
				AE90E4B82AB1E14A008B551A /* Frameworks */,
			);
			sourceTree = "<group>";
		};
		AE90E45F2AB1DE8A008B551A /* Products */ = {
			isa = PBXGroup;
			children = (
				AE90E45E2AB1DE8A008B551A /* Demo2.app */,
			);
			name = Products;
			sourceTree = "<group>";
		};
		AE90E4602AB1DE8A008B551A /* Demo2 */ = {
			isa = PBXGroup;
			children = (
				AE90E4B72AB1E142008B551A /* Info.plist */,
				AE90E4A32AB1DEF7008B551A /* App */,
				AE90E4A42AB1DEFB008B551A /* Core */,
				AE90E4652AB1DE8C008B551A /* Assets.xcassets */,
				AE0E89162AB3252600EA7530 /* GoogleService-Info.plist */,
				AE90E4672AB1DE8C008B551A /* Preview Content */,
			);
			path = Demo2;
			sourceTree = "<group>";
		};
		AE90E4672AB1DE8C008B551A /* Preview Content */ = {
			isa = PBXGroup;
			children = (
				AE90E4682AB1DE8C008B551A /* Preview Assets.xcassets */,
			);
			path = "Preview Content";
			sourceTree = "<group>";
		};
		AE90E4A32AB1DEF7008B551A /* App */ = {
			isa = PBXGroup;
			children = (
				AE90E4612AB1DE8A008B551A /* Demo2App.swift */,
			);
			path = App;
			sourceTree = "<group>";
		};
		AE90E4A42AB1DEFB008B551A /* Core */ = {
			isa = PBXGroup;
			children = (
				AE0E88602AB2DBE100EA7530 /* Authentication */,
				AE0E886D2AB2DE9D00EA7530 /* Components */,
				AE0E88632AB2DC6000EA7530 /* Home */,
				AE0E88642AB2DC6800EA7530 /* User */,
				AE90E4A52AB1DEFE008B551A /* Root */,
				AE0E885F2AB2DBDA00EA7530 /* TabBar */,
			);
			path = Core;
			sourceTree = "<group>";
		};
		AE90E4A52AB1DEFE008B551A /* Root */ = {
			isa = PBXGroup;
			children = (
				AE90E4A72AB1DF13008B551A /* View */,
				AE90E4A62AB1DF0F008B551A /* VIewModel */,
			);
			path = Root;
			sourceTree = "<group>";
		};
		AE90E4A62AB1DF0F008B551A /* VIewModel */ = {
			isa = PBXGroup;
			children = (
				AE90E4A82AB1DF2B008B551A /* ContentViewModel.swift */,
			);
			path = VIewModel;
			sourceTree = "<group>";
		};
		AE90E4A72AB1DF13008B551A /* View */ = {
			isa = PBXGroup;
			children = (
				AE90E4632AB1DE8A008B551A /* ContentView.swift */,
			);
			path = View;
			sourceTree = "<group>";
		};
		AE90E4B82AB1E14A008B551A /* Frameworks */ = {
			isa = PBXGroup;
			children = (
				AE0E88D32AB2FB4200EA7530 /* Demo2Storage.framework */,
				AE0E88992AB2E62900EA7530 /* Demo2Model.framework */,
				AE90E4B92AB1E14A008B551A /* Demo2Business.framework */,
			);
			name = Frameworks;
			sourceTree = "<group>";
		};
/* End PBXGroup section */

/* Begin PBXNativeTarget section */
		AE90E45D2AB1DE8A008B551A /* Demo2 */ = {
			isa = PBXNativeTarget;
			buildConfigurationList = AE90E46C2AB1DE8C008B551A /* Build configuration list for PBXNativeTarget "Demo2" */;
			buildPhases = (
				AE90E45A2AB1DE8A008B551A /* Sources */,
				AE90E45B2AB1DE8A008B551A /* Frameworks */,
				AE90E45C2AB1DE8A008B551A /* Resources */,
				AE90E4BC2AB1E14A008B551A /* Embed Frameworks */,
			);
			buildRules = (
			);
			dependencies = (
			);
			name = Demo2;
			packageProductDependencies = (
				AE0E88D72AB2FD5600EA7530 /* Kingfisher */,
				AE0E891B2AB32BAD00EA7530 /* FirebaseAnalytics */,
				AE0E891D2AB32CF500EA7530 /* FirebaseFirestore */,
			);
			productName = Demo2;
			productReference = AE90E45E2AB1DE8A008B551A /* Demo2.app */;
			productType = "com.apple.product-type.application";
		};
/* End PBXNativeTarget section */

/* Begin PBXProject section */
		AE90E4562AB1DE8A008B551A /* Project object */ = {
			isa = PBXProject;
			attributes = {
				BuildIndependentTargetsInParallel = 1;
				LastSwiftUpdateCheck = 1430;
				LastUpgradeCheck = 1430;
				TargetAttributes = {
					AE90E45D2AB1DE8A008B551A = {
						CreatedOnToolsVersion = 14.3.1;
					};
				};
			};
			buildConfigurationList = AE90E4592AB1DE8A008B551A /* Build configuration list for PBXProject "Demo2" */;
			compatibilityVersion = "Xcode 14.0";
			developmentRegion = en;
			hasScannedForEncodings = 0;
			knownRegions = (
				en,
				Base,
			);
			mainGroup = AE90E4552AB1DE8A008B551A;
			packageReferences = (
				AE0E88D62AB2FD5600EA7530 /* XCRemoteSwiftPackageReference "Kingfisher" */,
				AE0E89182AB329EC00EA7530 /* XCRemoteSwiftPackageReference "firebase-ios-sdk" */,
			);
			productRefGroup = AE90E45F2AB1DE8A008B551A /* Products */;
			projectDirPath = "";
			projectRoot = "";
			targets = (
				AE90E45D2AB1DE8A008B551A /* Demo2 */,
			);
		};
/* End PBXProject section */

/* Begin PBXResourcesBuildPhase section */
		AE90E45C2AB1DE8A008B551A /* Resources */ = {
			isa = PBXResourcesBuildPhase;
			buildActionMask = 2147483647;
			files = (
				AE90E4692AB1DE8C008B551A /* Preview Assets.xcassets in Resources */,
				AE90E4662AB1DE8C008B551A /* Assets.xcassets in Resources */,
				AE0E89172AB3252600EA7530 /* GoogleService-Info.plist in Resources */,
			);
			runOnlyForDeploymentPostprocessing = 0;
		};
/* End PBXResourcesBuildPhase section */

/* Begin PBXSourcesBuildPhase section */
		AE90E45A2AB1DE8A008B551A /* Sources */ = {
			isa = PBXSourcesBuildPhase;
			buildActionMask = 2147483647;
			files = (
				AE90E4642AB1DE8A008B551A /* ContentView.swift in Sources */,
				AE0E88682AB2DD1500EA7530 /* UserView.swift in Sources */,
				AE90E4622AB1DE8A008B551A /* Demo2App.swift in Sources */,
				AE90E4A92AB1DF2B008B551A /* ContentViewModel.swift in Sources */,
				AE0E88722AB2DF4600EA7530 /* Createuser.swift in Sources */,
				AE0E88662AB2DC8900EA7530 /* HomeView.swift in Sources */,
				AE0E886C2AB2DDA800EA7530 /* UserViewModel.swift in Sources */,
				AE0E88A52AB2EE5C00EA7530 /* UserProfileView.swift in Sources */,
				AE0E88742AB2DFDD00EA7530 /* CreateUserViewModel.swift in Sources */,
				AE0E886F2AB2DEB000EA7530 /* CircularImage.swift in Sources */,
				AE0E88622AB2DBEF00EA7530 /* MainTabView.swift in Sources */,
			);
			runOnlyForDeploymentPostprocessing = 0;
		};
/* End PBXSourcesBuildPhase section */

/* Begin XCBuildConfiguration section */
		AE90E46A2AB1DE8C008B551A /* Debug */ = {
			isa = XCBuildConfiguration;
			buildSettings = {
				ALWAYS_SEARCH_USER_PATHS = NO;
				CLANG_ANALYZER_NONNULL = YES;
				CLANG_ANALYZER_NUMBER_OBJECT_CONVERSION = YES_AGGRESSIVE;
				CLANG_CXX_LANGUAGE_STANDARD = "gnu++20";
				CLANG_ENABLE_MODULES = YES;
				CLANG_ENABLE_OBJC_ARC = YES;
				CLANG_ENABLE_OBJC_WEAK = YES;
				CLANG_WARN_BLOCK_CAPTURE_AUTORELEASING = YES;
				CLANG_WARN_BOOL_CONVERSION = YES;
				CLANG_WARN_COMMA = YES;
				CLANG_WARN_CONSTANT_CONVERSION = YES;
				CLANG_WARN_DEPRECATED_OBJC_IMPLEMENTATIONS = YES;
				CLANG_WARN_DIRECT_OBJC_ISA_USAGE = YES_ERROR;
				CLANG_WARN_DOCUMENTATION_COMMENTS = YES;
				CLANG_WARN_EMPTY_BODY = YES;
				CLANG_WARN_ENUM_CONVERSION = YES;
				CLANG_WARN_INFINITE_RECURSION = YES;
				CLANG_WARN_INT_CONVERSION = YES;
				CLANG_WARN_NON_LITERAL_NULL_CONVERSION = YES;
				CLANG_WARN_OBJC_IMPLICIT_RETAIN_SELF = YES;
				CLANG_WARN_OBJC_LITERAL_CONVERSION = YES;
				CLANG_WARN_OBJC_ROOT_CLASS = YES_ERROR;
				CLANG_WARN_QUOTED_INCLUDE_IN_FRAMEWORK_HEADER = YES;
				CLANG_WARN_RANGE_LOOP_ANALYSIS = YES;
				CLANG_WARN_STRICT_PROTOTYPES = YES;
				CLANG_WARN_SUSPICIOUS_MOVE = YES;
				CLANG_WARN_UNGUARDED_AVAILABILITY = YES_AGGRESSIVE;
				CLANG_WARN_UNREACHABLE_CODE = YES;
				CLANG_WARN__DUPLICATE_METHOD_MATCH = YES;
				COPY_PHASE_STRIP = NO;
				DEBUG_INFORMATION_FORMAT = dwarf;
				ENABLE_STRICT_OBJC_MSGSEND = YES;
				ENABLE_TESTABILITY = YES;
				GCC_C_LANGUAGE_STANDARD = gnu11;
				GCC_DYNAMIC_NO_PIC = NO;
				GCC_NO_COMMON_BLOCKS = YES;
				GCC_OPTIMIZATION_LEVEL = 0;
				GCC_PREPROCESSOR_DEFINITIONS = (
					"DEBUG=1",
					"$(inherited)",
				);
				GCC_WARN_64_TO_32_BIT_CONVERSION = YES;
				GCC_WARN_ABOUT_RETURN_TYPE = YES_ERROR;
				GCC_WARN_UNDECLARED_SELECTOR = YES;
				GCC_WARN_UNINITIALIZED_AUTOS = YES_AGGRESSIVE;
				GCC_WARN_UNUSED_FUNCTION = YES;
				GCC_WARN_UNUSED_VARIABLE = YES;
				IPHONEOS_DEPLOYMENT_TARGET = 16.4;
				MTL_ENABLE_DEBUG_INFO = INCLUDE_SOURCE;
				MTL_FAST_MATH = YES;
				ONLY_ACTIVE_ARCH = YES;
				SDKROOT = iphoneos;
				SWIFT_ACTIVE_COMPILATION_CONDITIONS = DEBUG;
				SWIFT_OPTIMIZATION_LEVEL = "-Onone";
			};
			name = Debug;
		};
		AE90E46B2AB1DE8C008B551A /* Release */ = {
			isa = XCBuildConfiguration;
			buildSettings = {
				ALWAYS_SEARCH_USER_PATHS = NO;
				CLANG_ANALYZER_NONNULL = YES;
				CLANG_ANALYZER_NUMBER_OBJECT_CONVERSION = YES_AGGRESSIVE;
				CLANG_CXX_LANGUAGE_STANDARD = "gnu++20";
				CLANG_ENABLE_MODULES = YES;
				CLANG_ENABLE_OBJC_ARC = YES;
				CLANG_ENABLE_OBJC_WEAK = YES;
				CLANG_WARN_BLOCK_CAPTURE_AUTORELEASING = YES;
				CLANG_WARN_BOOL_CONVERSION = YES;
				CLANG_WARN_COMMA = YES;
				CLANG_WARN_CONSTANT_CONVERSION = YES;
				CLANG_WARN_DEPRECATED_OBJC_IMPLEMENTATIONS = YES;
				CLANG_WARN_DIRECT_OBJC_ISA_USAGE = YES_ERROR;
				CLANG_WARN_DOCUMENTATION_COMMENTS = YES;
				CLANG_WARN_EMPTY_BODY = YES;
				CLANG_WARN_ENUM_CONVERSION = YES;
				CLANG_WARN_INFINITE_RECURSION = YES;
				CLANG_WARN_INT_CONVERSION = YES;
				CLANG_WARN_NON_LITERAL_NULL_CONVERSION = YES;
				CLANG_WARN_OBJC_IMPLICIT_RETAIN_SELF = YES;
				CLANG_WARN_OBJC_LITERAL_CONVERSION = YES;
				CLANG_WARN_OBJC_ROOT_CLASS = YES_ERROR;
				CLANG_WARN_QUOTED_INCLUDE_IN_FRAMEWORK_HEADER = YES;
				CLANG_WARN_RANGE_LOOP_ANALYSIS = YES;
				CLANG_WARN_STRICT_PROTOTYPES = YES;
				CLANG_WARN_SUSPICIOUS_MOVE = YES;
				CLANG_WARN_UNGUARDED_AVAILABILITY = YES_AGGRESSIVE;
				CLANG_WARN_UNREACHABLE_CODE = YES;
				CLANG_WARN__DUPLICATE_METHOD_MATCH = YES;
				COPY_PHASE_STRIP = NO;
				DEBUG_INFORMATION_FORMAT = "dwarf-with-dsym";
				ENABLE_NS_ASSERTIONS = NO;
				ENABLE_STRICT_OBJC_MSGSEND = YES;
				GCC_C_LANGUAGE_STANDARD = gnu11;
				GCC_NO_COMMON_BLOCKS = YES;
				GCC_WARN_64_TO_32_BIT_CONVERSION = YES;
				GCC_WARN_ABOUT_RETURN_TYPE = YES_ERROR;
				GCC_WARN_UNDECLARED_SELECTOR = YES;
				GCC_WARN_UNINITIALIZED_AUTOS = YES_AGGRESSIVE;
				GCC_WARN_UNUSED_FUNCTION = YES;
				GCC_WARN_UNUSED_VARIABLE = YES;
				IPHONEOS_DEPLOYMENT_TARGET = 16.4;
				MTL_ENABLE_DEBUG_INFO = NO;
				MTL_FAST_MATH = YES;
				SDKROOT = iphoneos;
				SWIFT_COMPILATION_MODE = wholemodule;
				SWIFT_OPTIMIZATION_LEVEL = "-O";
				VALIDATE_PRODUCT = YES;
			};
			name = Release;
		};
		AE90E46D2AB1DE8C008B551A /* Debug */ = {
			isa = XCBuildConfiguration;
			buildSettings = {
				ASSETCATALOG_COMPILER_APPICON_NAME = AppIcon;
				ASSETCATALOG_COMPILER_GLOBAL_ACCENT_COLOR_NAME = AccentColor;
				CODE_SIGN_STYLE = Automatic;
				CURRENT_PROJECT_VERSION = 1;
				DEVELOPMENT_ASSET_PATHS = "\"Demo2/Preview Content\"";
				ENABLE_PREVIEWS = YES;
				GENERATE_INFOPLIST_FILE = YES;
				INFOPLIST_FILE = Demo2/Info.plist;
				INFOPLIST_KEY_UIApplicationSceneManifest_Generation = YES;
				INFOPLIST_KEY_UIApplicationSupportsIndirectInputEvents = YES;
				INFOPLIST_KEY_UILaunchScreen_Generation = YES;
				INFOPLIST_KEY_UISupportedInterfaceOrientations_iPad = "UIInterfaceOrientationPortrait UIInterfaceOrientationPortraitUpsideDown UIInterfaceOrientationLandscapeLeft UIInterfaceOrientationLandscapeRight";
				INFOPLIST_KEY_UISupportedInterfaceOrientations_iPhone = "UIInterfaceOrientationPortrait UIInterfaceOrientationLandscapeLeft UIInterfaceOrientationLandscapeRight";
				LD_RUNPATH_SEARCH_PATHS = (
					"$(inherited)",
					"@executable_path/Frameworks",
				);
				MARKETING_VERSION = 1.0;
				OTHER_LDFLAGS = "-ObjC";
				PRODUCT_BUNDLE_IDENTIFIER = com.mihamlinaric.Demo2;
				PRODUCT_NAME = "$(TARGET_NAME)";
				SWIFT_EMIT_LOC_STRINGS = YES;
				SWIFT_VERSION = 5.0;
				TARGETED_DEVICE_FAMILY = "1,2";
			};
			name = Debug;
		};
		AE90E46E2AB1DE8C008B551A /* Release */ = {
			isa = XCBuildConfiguration;
			buildSettings = {
				ASSETCATALOG_COMPILER_APPICON_NAME = AppIcon;
				ASSETCATALOG_COMPILER_GLOBAL_ACCENT_COLOR_NAME = AccentColor;
				CODE_SIGN_STYLE = Automatic;
				CURRENT_PROJECT_VERSION = 1;
				DEVELOPMENT_ASSET_PATHS = "\"Demo2/Preview Content\"";
				ENABLE_PREVIEWS = YES;
				GENERATE_INFOPLIST_FILE = YES;
				INFOPLIST_FILE = Demo2/Info.plist;
				INFOPLIST_KEY_UIApplicationSceneManifest_Generation = YES;
				INFOPLIST_KEY_UIApplicationSupportsIndirectInputEvents = YES;
				INFOPLIST_KEY_UILaunchScreen_Generation = YES;
				INFOPLIST_KEY_UISupportedInterfaceOrientations_iPad = "UIInterfaceOrientationPortrait UIInterfaceOrientationPortraitUpsideDown UIInterfaceOrientationLandscapeLeft UIInterfaceOrientationLandscapeRight";
				INFOPLIST_KEY_UISupportedInterfaceOrientations_iPhone = "UIInterfaceOrientationPortrait UIInterfaceOrientationLandscapeLeft UIInterfaceOrientationLandscapeRight";
				LD_RUNPATH_SEARCH_PATHS = (
					"$(inherited)",
					"@executable_path/Frameworks",
				);
				MARKETING_VERSION = 1.0;
				OTHER_LDFLAGS = "-ObjC";
				PRODUCT_BUNDLE_IDENTIFIER = com.mihamlinaric.Demo2;
				PRODUCT_NAME = "$(TARGET_NAME)";
				SWIFT_EMIT_LOC_STRINGS = YES;
				SWIFT_VERSION = 5.0;
				TARGETED_DEVICE_FAMILY = "1,2";
			};
			name = Release;
		};
/* End XCBuildConfiguration section */

/* Begin XCConfigurationList section */
		AE90E4592AB1DE8A008B551A /* Build configuration list for PBXProject "Demo2" */ = {
			isa = XCConfigurationList;
			buildConfigurations = (
				AE90E46A2AB1DE8C008B551A /* Debug */,
				AE90E46B2AB1DE8C008B551A /* Release */,
			);
			defaultConfigurationIsVisible = 0;
			defaultConfigurationName = Release;
		};
		AE90E46C2AB1DE8C008B551A /* Build configuration list for PBXNativeTarget "Demo2" */ = {
			isa = XCConfigurationList;
			buildConfigurations = (
				AE90E46D2AB1DE8C008B551A /* Debug */,
				AE90E46E2AB1DE8C008B551A /* Release */,
			);
			defaultConfigurationIsVisible = 0;
			defaultConfigurationName = Release;
		};
/* End XCConfigurationList section */

/* Begin XCRemoteSwiftPackageReference section */
		AE0E88D62AB2FD5600EA7530 /* XCRemoteSwiftPackageReference "Kingfisher" */ = {
			isa = XCRemoteSwiftPackageReference;
			repositoryURL = "https://github.com/onevcat/Kingfisher.git";
			requirement = {
				kind = upToNextMajorVersion;
				minimumVersion = 7.0.0;
			};
		};
		AE0E89182AB329EC00EA7530 /* XCRemoteSwiftPackageReference "firebase-ios-sdk" */ = {
			isa = XCRemoteSwiftPackageReference;
			repositoryURL = "https://github.com/firebase/firebase-ios-sdk.git";
			requirement = {
				kind = upToNextMajorVersion;
				minimumVersion = 10.0.0;
			};
		};
/* End XCRemoteSwiftPackageReference section */

/* Begin XCSwiftPackageProductDependency section */
		AE0E88D72AB2FD5600EA7530 /* Kingfisher */ = {
			isa = XCSwiftPackageProductDependency;
			package = AE0E88D62AB2FD5600EA7530 /* XCRemoteSwiftPackageReference "Kingfisher" */;
			productName = Kingfisher;
		};
		AE0E891B2AB32BAD00EA7530 /* FirebaseAnalytics */ = {
			isa = XCSwiftPackageProductDependency;
			package = AE0E89182AB329EC00EA7530 /* XCRemoteSwiftPackageReference "firebase-ios-sdk" */;
			productName = FirebaseAnalytics;
		};
		AE0E891D2AB32CF500EA7530 /* FirebaseFirestore */ = {
			isa = XCSwiftPackageProductDependency;
			package = AE0E89182AB329EC00EA7530 /* XCRemoteSwiftPackageReference "firebase-ios-sdk" */;
			productName = FirebaseFirestore;
		};
/* End XCSwiftPackageProductDependency section */
	};
	rootObject = AE90E4562AB1DE8A008B551A /* Project object */;
}
